// !$*UTF8*$!
{
	archiveVersion = 1;
	classes = {
	};
	objectVersion = 55;
	objects = {

/* Begin PBXBuildFile section */
		CE08B05628BD19870054D0D6 /* EditAccountViewController.swift in Sources */ = {isa = PBXBuildFile; fileRef = CE08B05528BD19860054D0D6 /* EditAccountViewController.swift */; };
		CE2F3B772934D14C006D1FF1 /* Tutorial.storyboard in Resources */ = {isa = PBXBuildFile; fileRef = CE2F3B762934D14C006D1FF1 /* Tutorial.storyboard */; };
		CE3E7834288C40A000548FFD /* TabBar.swift in Sources */ = {isa = PBXBuildFile; fileRef = CE3E7833288C40A000548FFD /* TabBar.swift */; };
		CE4A6C1228FBD4BC00BA3FCC /* HomeStory.storyboard in Resources */ = {isa = PBXBuildFile; fileRef = CE4A6C1128FBD4BC00BA3FCC /* HomeStory.storyboard */; };
		CE4A6C1428FBD52C00BA3FCC /* TargetDetailStory.storyboard in Resources */ = {isa = PBXBuildFile; fileRef = CE4A6C1328FBD52C00BA3FCC /* TargetDetailStory.storyboard */; };
		CE4A6C1628FBD58200BA3FCC /* CalendarStory.storyboard in Resources */ = {isa = PBXBuildFile; fileRef = CE4A6C1528FBD58200BA3FCC /* CalendarStory.storyboard */; };
		CE4A6C1828FBD5AA00BA3FCC /* ReviewStory.storyboard in Resources */ = {isa = PBXBuildFile; fileRef = CE4A6C1728FBD5AA00BA3FCC /* ReviewStory.storyboard */; };
		CE4A6C1A28FBD5FB00BA3FCC /* AccountStory.storyboard in Resources */ = {isa = PBXBuildFile; fileRef = CE4A6C1928FBD5FB00BA3FCC /* AccountStory.storyboard */; };
		CE4A6C1C28FBD61800BA3FCC /* QRStory.storyboard in Resources */ = {isa = PBXBuildFile; fileRef = CE4A6C1B28FBD61800BA3FCC /* QRStory.storyboard */; };
		CE4A6C1F28FBD7A300BA3FCC /* MainStory.storyboard in Resources */ = {isa = PBXBuildFile; fileRef = CE4A6C1E28FBD7A300BA3FCC /* MainStory.storyboard */; };
		CE644D8F28B7C580008443BE /* FriendAccCollectionViewCell.swift in Sources */ = {isa = PBXBuildFile; fileRef = CE644D8D28B7C580008443BE /* FriendAccCollectionViewCell.swift */; };
		CE644D9028B7C580008443BE /* FriendAccCollectionViewCell.xib in Resources */ = {isa = PBXBuildFile; fileRef = CE644D8E28B7C580008443BE /* FriendAccCollectionViewCell.xib */; };
		CE73D15A2839DF4C00B20D0D /* AppDelegate.swift in Sources */ = {isa = PBXBuildFile; fileRef = CE73D1592839DF4C00B20D0D /* AppDelegate.swift */; };
		CE73D15C2839DF4C00B20D0D /* SceneDelegate.swift in Sources */ = {isa = PBXBuildFile; fileRef = CE73D15B2839DF4C00B20D0D /* SceneDelegate.swift */; };
		CE73D1632839DF4E00B20D0D /* Assets.xcassets in Resources */ = {isa = PBXBuildFile; fileRef = CE73D1622839DF4E00B20D0D /* Assets.xcassets */; };
		CE73D1662839DF4E00B20D0D /* LaunchScreen.storyboard in Resources */ = {isa = PBXBuildFile; fileRef = CE73D1642839DF4E00B20D0D /* LaunchScreen.storyboard */; };
		CE73D16E2839F62600B20D0D /* HomeViewController.swift in Sources */ = {isa = PBXBuildFile; fileRef = CE73D16D2839F62600B20D0D /* HomeViewController.swift */; };
		CE73D1702839F8AE00B20D0D /* CalendarViewController.swift in Sources */ = {isa = PBXBuildFile; fileRef = CE73D16F2839F8AE00B20D0D /* CalendarViewController.swift */; };
		CE798A6D28D856AC00E5C340 /* DateFormat.swift in Sources */ = {isa = PBXBuildFile; fileRef = CE798A6C28D856AC00E5C340 /* DateFormat.swift */; };
		CE798A6F28D9707100E5C340 /* SaveReviewViewController.swift in Sources */ = {isa = PBXBuildFile; fileRef = CE798A6E28D9707100E5C340 /* SaveReviewViewController.swift */; };
		CE798A7628D9AA5C00E5C340 /* SaveCollectionViewCell.swift in Sources */ = {isa = PBXBuildFile; fileRef = CE798A7428D9AA5C00E5C340 /* SaveCollectionViewCell.swift */; };
		CE798A7728D9AA5C00E5C340 /* SaveCollectionViewCell.xib in Resources */ = {isa = PBXBuildFile; fileRef = CE798A7528D9AA5C00E5C340 /* SaveCollectionViewCell.xib */; };
		CE7A58BB289AC3B200AD3946 /* APIClient.swift in Sources */ = {isa = PBXBuildFile; fileRef = CE7A58BA289AC3B200AD3946 /* APIClient.swift */; };
		CE7A58C2289E1D5000AD3946 /* DataModel.swift in Sources */ = {isa = PBXBuildFile; fileRef = CE7A58C1289E1D5000AD3946 /* DataModel.swift */; };
		CE7E727928ECDD0000C0E550 /* CategoryTableViewCell.swift in Sources */ = {isa = PBXBuildFile; fileRef = CE7E727728ECDD0000C0E550 /* CategoryTableViewCell.swift */; };
		CE7E727A28ECDD0000C0E550 /* CategoryTableViewCell.xib in Resources */ = {isa = PBXBuildFile; fileRef = CE7E727828ECDD0000C0E550 /* CategoryTableViewCell.xib */; };
		CE7E727C28ED8D0700C0E550 /* ListViewController.swift in Sources */ = {isa = PBXBuildFile; fileRef = CE7E727B28ED8D0700C0E550 /* ListViewController.swift */; };
		CE7E727F28ED8D3600C0E550 /* ListCollectionViewCell.swift in Sources */ = {isa = PBXBuildFile; fileRef = CE7E727D28ED8D3600C0E550 /* ListCollectionViewCell.swift */; };
		CE7E728028ED8D3600C0E550 /* ListCollectionViewCell.xib in Resources */ = {isa = PBXBuildFile; fileRef = CE7E727E28ED8D3600C0E550 /* ListCollectionViewCell.xib */; };
		CE7F69A828EC6D4C00D9B990 /* MyListViewController.swift in Sources */ = {isa = PBXBuildFile; fileRef = CE7F69A728EC6D4C00D9B990 /* MyListViewController.swift */; };
		CE7F69B328EC736300D9B990 /* SimpleEntry.swift in Sources */ = {isa = PBXBuildFile; fileRef = CE7F69B128EC734E00D9B990 /* SimpleEntry.swift */; };
		CE7F69B428EC736700D9B990 /* Provider.swift in Sources */ = {isa = PBXBuildFile; fileRef = CE7F69AF28EC731200D9B990 /* Provider.swift */; };
		CE80C15728716EF9000646B2 /* Goal.swift in Sources */ = {isa = PBXBuildFile; fileRef = CE80C15628716EF9000646B2 /* Goal.swift */; };
		CE8D8BE928B911840024B322 /* TargetDetailViewController.swift in Sources */ = {isa = PBXBuildFile; fileRef = CE8D8BE828B911840024B322 /* TargetDetailViewController.swift */; };
		CE8D8BEB28B9194C0024B322 /* CircleChart.swift in Sources */ = {isa = PBXBuildFile; fileRef = CE8D8BEA28B9194C0024B322 /* CircleChart.swift */; };
		CEACDF50289571AF0005F4A6 /* ReviewViewController.swift in Sources */ = {isa = PBXBuildFile; fileRef = CEACDF4F289571AF0005F4A6 /* ReviewViewController.swift */; };
		CEAE56BD289746DB002DBEA2 /* InnerCollectionViewCell.xib in Resources */ = {isa = PBXBuildFile; fileRef = CEAE56BB289746DB002DBEA2 /* InnerCollectionViewCell.xib */; };
		CEAE56BF28974864002DBEA2 /* InnerCollectionViewCell.swift in Sources */ = {isa = PBXBuildFile; fileRef = CEAE56BE28974864002DBEA2 /* InnerCollectionViewCell.swift */; };
		CEAE56C4289766FB002DBEA2 /* FriendsInnerCollectionViewCell.swift in Sources */ = {isa = PBXBuildFile; fileRef = CEAE56C2289766FB002DBEA2 /* FriendsInnerCollectionViewCell.swift */; };
		CEAE56C5289766FB002DBEA2 /* FriendsInnerCollectionViewCell.xib in Resources */ = {isa = PBXBuildFile; fileRef = CEAE56C3289766FB002DBEA2 /* FriendsInnerCollectionViewCell.xib */; };
		CEB0F50F2920B8D90053766B /* FirebaseClient.swift in Sources */ = {isa = PBXBuildFile; fileRef = CEB0F50E2920B8D90053766B /* FirebaseClient.swift */; };
		CEB475492859220A002654E6 /* LogInViewController.swift in Sources */ = {isa = PBXBuildFile; fileRef = CEB475482859220A002654E6 /* LogInViewController.swift */; };
		CEB4754B2859F894002654E6 /* AccountViewController.swift in Sources */ = {isa = PBXBuildFile; fileRef = CEB4754A2859F894002654E6 /* AccountViewController.swift */; };
		CEB4755B285F65CD002654E6 /* QuestionViewController.swift in Sources */ = {isa = PBXBuildFile; fileRef = CEB4755A285F65CD002654E6 /* QuestionViewController.swift */; };
		CEB47562285F6981002654E6 /* QuestionTableViewCell.swift in Sources */ = {isa = PBXBuildFile; fileRef = CEB47560285F6981002654E6 /* QuestionTableViewCell.swift */; };
		CEB47563285F6981002654E6 /* QuestionTableViewCell.xib in Resources */ = {isa = PBXBuildFile; fileRef = CEB47561285F6981002654E6 /* QuestionTableViewCell.xib */; };
		CEB47566286B499C002654E6 /* CalendarTargetCollectionViewCell.swift in Sources */ = {isa = PBXBuildFile; fileRef = CEB47564286B499C002654E6 /* CalendarTargetCollectionViewCell.swift */; };
		CEB47567286B499C002654E6 /* CalendarTargetCollectionViewCell.xib in Resources */ = {isa = PBXBuildFile; fileRef = CEB47565286B499C002654E6 /* CalendarTargetCollectionViewCell.xib */; };
		CEB4756B28713450002654E6 /* MakeTargetViewController.swift in Sources */ = {isa = PBXBuildFile; fileRef = CEB4756A28713450002654E6 /* MakeTargetViewController.swift */; };
		CEB4757228713863002654E6 /* MakeTargetTableViewCell.swift in Sources */ = {isa = PBXBuildFile; fileRef = CEB4757028713863002654E6 /* MakeTargetTableViewCell.swift */; };
		CEB4757328713863002654E6 /* MakeTargetTableViewCell.xib in Resources */ = {isa = PBXBuildFile; fileRef = CEB4757128713863002654E6 /* MakeTargetTableViewCell.xib */; };
		CEB4757628713986002654E6 /* ImportanceTableViewCell.swift in Sources */ = {isa = PBXBuildFile; fileRef = CEB4757428713986002654E6 /* ImportanceTableViewCell.swift */; };
		CEB4757728713986002654E6 /* ImportanceTableViewCell.xib in Resources */ = {isa = PBXBuildFile; fileRef = CEB4757528713986002654E6 /* ImportanceTableViewCell.xib */; };
		CEB4757E28713B11002654E6 /* DateTargetTableViewCell.swift in Sources */ = {isa = PBXBuildFile; fileRef = CEB4757C28713B11002654E6 /* DateTargetTableViewCell.swift */; };
		CEB4757F28713B11002654E6 /* DateTargetTableViewCell.xib in Resources */ = {isa = PBXBuildFile; fileRef = CEB4757D28713B11002654E6 /* DateTargetTableViewCell.xib */; };
		CEC444822920917B007FEF1C /* ChartDataEntry.swift in Sources */ = {isa = PBXBuildFile; fileRef = CEC444812920917B007FEF1C /* ChartDataEntry.swift */; };
		CEC4448429209261007FEF1C /* GraphViewModel.swift in Sources */ = {isa = PBXBuildFile; fileRef = CEC4448329209261007FEF1C /* GraphViewModel.swift */; };
		CEC4448629209564007FEF1C /* LineChartView.swift in Sources */ = {isa = PBXBuildFile; fileRef = CEC4448529209563007FEF1C /* LineChartView.swift */; };
		CEC67BD1294599090090994D /* AuthStateManager.swift in Sources */ = {isa = PBXBuildFile; fileRef = CEC67BD0294599090090994D /* AuthStateManager.swift */; };
		CEC6855A28AFDA11007C0967 /* Review.swift in Sources */ = {isa = PBXBuildFile; fileRef = CEC6855928AFDA11007C0967 /* Review.swift */; };
		CEC6855C28B0B3C6007C0967 /* Alert.swift in Sources */ = {isa = PBXBuildFile; fileRef = CEC6855B28B0B3C5007C0967 /* Alert.swift */; };
		CEC6855E28B12617007C0967 /* ReframingViewController.swift in Sources */ = {isa = PBXBuildFile; fileRef = CEC6855D28B12617007C0967 /* ReframingViewController.swift */; };
		CECC28A728EB77B300219F98 /* WidgetKit.framework in Frameworks */ = {isa = PBXBuildFile; fileRef = CED85EDC28DB17B700AE22A3 /* WidgetKit.framework */; };
		CECC28A828EB77B300219F98 /* SwiftUI.framework in Frameworks */ = {isa = PBXBuildFile; fileRef = CED85EDE28DB17B700AE22A3 /* SwiftUI.framework */; };
		CECC28AB28EB77B300219F98 /* TaffiWidget.swift in Sources */ = {isa = PBXBuildFile; fileRef = CECC28AA28EB77B300219F98 /* TaffiWidget.swift */; };
		CECC28AE28EB77B400219F98 /* Assets.xcassets in Resources */ = {isa = PBXBuildFile; fileRef = CECC28AD28EB77B400219F98 /* Assets.xcassets */; };
		CECC28B028EB77B400219F98 /* TaffiWidget.intentdefinition in Sources */ = {isa = PBXBuildFile; fileRef = CECC28AC28EB77B300219F98 /* TaffiWidget.intentdefinition */; };
		CECC28B128EB77B400219F98 /* TaffiWidget.intentdefinition in Sources */ = {isa = PBXBuildFile; fileRef = CECC28AC28EB77B300219F98 /* TaffiWidget.intentdefinition */; };
		CECC28B428EB77B400219F98 /* TaffiWidgetExtension.appex in Embed App Extensions */ = {isa = PBXBuildFile; fileRef = CECC28A628EB77B300219F98 /* TaffiWidgetExtension.appex */; settings = {ATTRIBUTES = (RemoveHeadersOnCopy, ); }; };
		CECC28B928EB77DC00219F98 /* FirebaseAuth in Frameworks */ = {isa = PBXBuildFile; productRef = CECC28B828EB77DC00219F98 /* FirebaseAuth */; };
		CECC28BB28EB77ED00219F98 /* FirebaseFirestore in Frameworks */ = {isa = PBXBuildFile; productRef = CECC28BA28EB77ED00219F98 /* FirebaseFirestore */; };
		CECC28BD28EB77F900219F98 /* FirebaseAnalytics in Frameworks */ = {isa = PBXBuildFile; productRef = CECC28BC28EB77F900219F98 /* FirebaseAnalytics */; };
		CECC28C128EC1D6C00219F98 /* Assets.xcassets in Resources */ = {isa = PBXBuildFile; fileRef = CE73D1622839DF4E00B20D0D /* Assets.xcassets */; };
		CECC28C228EC1D8400219F98 /* DateFormat.swift in Sources */ = {isa = PBXBuildFile; fileRef = CE798A6C28D856AC00E5C340 /* DateFormat.swift */; };
		CED18C6428FED5EC0008FF7C /* GoogleService-Info.plist in Resources */ = {isa = PBXBuildFile; fileRef = CE360FCE28FBDCF600C7E7B8 /* GoogleService-Info.plist */; };
		CED18C6528FED5ED0008FF7C /* GoogleService-Info.plist in Resources */ = {isa = PBXBuildFile; fileRef = CE360FCE28FBDCF600C7E7B8 /* GoogleService-Info.plist */; };
		CED649BE28BC5DB600E12D61 /* MyQRCodeReader.swift in Sources */ = {isa = PBXBuildFile; fileRef = CED649BD28BC5DB600E12D61 /* MyQRCodeReader.swift */; };
		CED649C228BC5E6E00E12D61 /* User.swift in Sources */ = {isa = PBXBuildFile; fileRef = CED649C128BC5E6E00E12D61 /* User.swift */; };
		CED649C628BC5F3300E12D61 /* CapturingViewController.swift in Sources */ = {isa = PBXBuildFile; fileRef = CED649C528BC5F3300E12D61 /* CapturingViewController.swift */; };
		CED6A12F28C3487F0082D498 /* FlowLayout.swift in Sources */ = {isa = PBXBuildFile; fileRef = CED6A12E28C3487F0082D498 /* FlowLayout.swift */; };
		CED6A13128C3CCF40082D498 /* QRViewController.swift in Sources */ = {isa = PBXBuildFile; fileRef = CED6A13028C3CCF40082D498 /* QRViewController.swift */; };
		CEDA1BDB28BA5DC400D07A53 /* FirebaseAnalytics in Frameworks */ = {isa = PBXBuildFile; productRef = CEDA1BDA28BA5DC400D07A53 /* FirebaseAnalytics */; };
		CEDA1BDD28BA5DC400D07A53 /* FirebaseAuth in Frameworks */ = {isa = PBXBuildFile; productRef = CEDA1BDC28BA5DC400D07A53 /* FirebaseAuth */; };
		CEDA1BDF28BA5DC400D07A53 /* FirebaseFirestore in Frameworks */ = {isa = PBXBuildFile; productRef = CEDA1BDE28BA5DC400D07A53 /* FirebaseFirestore */; };
		CEDA1BE128BA5DC400D07A53 /* FirebaseFirestoreSwift in Frameworks */ = {isa = PBXBuildFile; productRef = CEDA1BE028BA5DC400D07A53 /* FirebaseFirestoreSwift */; };
		CEDA1BE328BA5DC400D07A53 /* FirebaseStorage in Frameworks */ = {isa = PBXBuildFile; productRef = CEDA1BE228BA5DC400D07A53 /* FirebaseStorage */; };
		CEDA1BE628BA5E2A00D07A53 /* Alamofire in Frameworks */ = {isa = PBXBuildFile; productRef = CEDA1BE528BA5E2A00D07A53 /* Alamofire */; };
		CEDA1BE928BA5E5F00D07A53 /* FSCalendar in Frameworks */ = {isa = PBXBuildFile; productRef = CEDA1BE828BA5E5F00D07A53 /* FSCalendar */; };
		CEED455329644F29006CBD2A /* SignInUpViewModel.swift in Sources */ = {isa = PBXBuildFile; fileRef = CEED455229644F29006CBD2A /* SignInUpViewModel.swift */; };
		CEED455929671096006CBD2A /* PagingViewController.swift in Sources */ = {isa = PBXBuildFile; fileRef = CEED455829671096006CBD2A /* PagingViewController.swift */; };
		CEEE82B42847A99A00732497 /* SignUpViewController.swift in Sources */ = {isa = PBXBuildFile; fileRef = CEEE82B32847A99A00732497 /* SignUpViewController.swift */; };
		CEEE82B8284B6A4400732497 /* TabBarViewController.swift in Sources */ = {isa = PBXBuildFile; fileRef = CEEE82B7284B6A4400732497 /* TabBarViewController.swift */; };
		CEF07DA128F3161C005AACA3 /* TransferValue.swift in Sources */ = {isa = PBXBuildFile; fileRef = CEF07DA028F3161C005AACA3 /* TransferValue.swift */; };
		CEF07DA328F317EF005AACA3 /* ActivityIndicator.swift in Sources */ = {isa = PBXBuildFile; fileRef = CEF07DA228F317EF005AACA3 /* ActivityIndicator.swift */; };
/* End PBXBuildFile section */

/* Begin PBXContainerItemProxy section */
		CECC28B228EB77B400219F98 /* PBXContainerItemProxy */ = {
			isa = PBXContainerItemProxy;
			containerPortal = CE73D14E2839DF4C00B20D0D /* Project object */;
			proxyType = 1;
			remoteGlobalIDString = CECC28A528EB77B300219F98;
			remoteInfo = TaffiWidgetExtension;
		};
/* End PBXContainerItemProxy section */

/* Begin PBXCopyFilesBuildPhase section */
		CED85EEF28DB17B900AE22A3 /* Embed App Extensions */ = {
			isa = PBXCopyFilesBuildPhase;
			buildActionMask = 2147483647;
			dstPath = "";
			dstSubfolderSpec = 13;
			files = (
				CECC28B428EB77B400219F98 /* TaffiWidgetExtension.appex in Embed App Extensions */,
			);
			name = "Embed App Extensions";
			runOnlyForDeploymentPostprocessing = 0;
		};
/* End PBXCopyFilesBuildPhase section */

/* Begin PBXFileReference section */
		CE08B05528BD19860054D0D6 /* EditAccountViewController.swift */ = {isa = PBXFileReference; lastKnownFileType = sourcecode.swift; path = EditAccountViewController.swift; sourceTree = "<group>"; };
		CE2F3B762934D14C006D1FF1 /* Tutorial.storyboard */ = {isa = PBXFileReference; lastKnownFileType = file.storyboard; path = Tutorial.storyboard; sourceTree = "<group>"; };
		CE360FCE28FBDCF600C7E7B8 /* GoogleService-Info.plist */ = {isa = PBXFileReference; fileEncoding = 4; lastKnownFileType = text.plist.xml; path = "GoogleService-Info.plist"; sourceTree = "<group>"; };
		CE3E7833288C40A000548FFD /* TabBar.swift */ = {isa = PBXFileReference; lastKnownFileType = sourcecode.swift; path = TabBar.swift; sourceTree = "<group>"; };
		CE4A6C1128FBD4BC00BA3FCC /* HomeStory.storyboard */ = {isa = PBXFileReference; lastKnownFileType = file.storyboard; path = HomeStory.storyboard; sourceTree = "<group>"; };
		CE4A6C1328FBD52C00BA3FCC /* TargetDetailStory.storyboard */ = {isa = PBXFileReference; lastKnownFileType = file.storyboard; path = TargetDetailStory.storyboard; sourceTree = "<group>"; };
		CE4A6C1528FBD58200BA3FCC /* CalendarStory.storyboard */ = {isa = PBXFileReference; lastKnownFileType = file.storyboard; path = CalendarStory.storyboard; sourceTree = "<group>"; };
		CE4A6C1728FBD5AA00BA3FCC /* ReviewStory.storyboard */ = {isa = PBXFileReference; lastKnownFileType = file.storyboard; path = ReviewStory.storyboard; sourceTree = "<group>"; };
		CE4A6C1928FBD5FB00BA3FCC /* AccountStory.storyboard */ = {isa = PBXFileReference; lastKnownFileType = file.storyboard; path = AccountStory.storyboard; sourceTree = "<group>"; };
		CE4A6C1B28FBD61800BA3FCC /* QRStory.storyboard */ = {isa = PBXFileReference; lastKnownFileType = file.storyboard; path = QRStory.storyboard; sourceTree = "<group>"; };
		CE4A6C1E28FBD7A300BA3FCC /* MainStory.storyboard */ = {isa = PBXFileReference; lastKnownFileType = file.storyboard; path = MainStory.storyboard; sourceTree = "<group>"; };
		CE644D8D28B7C580008443BE /* FriendAccCollectionViewCell.swift */ = {isa = PBXFileReference; lastKnownFileType = sourcecode.swift; path = FriendAccCollectionViewCell.swift; sourceTree = "<group>"; };
		CE644D8E28B7C580008443BE /* FriendAccCollectionViewCell.xib */ = {isa = PBXFileReference; lastKnownFileType = file.xib; path = FriendAccCollectionViewCell.xib; sourceTree = "<group>"; };
		CE68C57C29D8E5D0000C5EC0 /* PositiveRelease.entitlements */ = {isa = PBXFileReference; lastKnownFileType = text.plist.entitlements; path = PositiveRelease.entitlements; sourceTree = "<group>"; };
		CE73D1562839DF4C00B20D0D /* Positive.app */ = {isa = PBXFileReference; explicitFileType = wrapper.application; includeInIndex = 0; path = Positive.app; sourceTree = BUILT_PRODUCTS_DIR; };
		CE73D1592839DF4C00B20D0D /* AppDelegate.swift */ = {isa = PBXFileReference; lastKnownFileType = sourcecode.swift; path = AppDelegate.swift; sourceTree = "<group>"; };
		CE73D15B2839DF4C00B20D0D /* SceneDelegate.swift */ = {isa = PBXFileReference; lastKnownFileType = sourcecode.swift; path = SceneDelegate.swift; sourceTree = "<group>"; };
		CE73D1622839DF4E00B20D0D /* Assets.xcassets */ = {isa = PBXFileReference; lastKnownFileType = folder.assetcatalog; name = Assets.xcassets; path = /Users/oosawakiyono/Desktop/Positive/Positive/Assets.xcassets; sourceTree = "<absolute>"; };
		CE73D1652839DF4E00B20D0D /* Base */ = {isa = PBXFileReference; lastKnownFileType = file.storyboard; name = Base; path = Base.lproj/LaunchScreen.storyboard; sourceTree = "<group>"; };
		CE73D1672839DF4E00B20D0D /* Info.plist */ = {isa = PBXFileReference; lastKnownFileType = text.plist.xml; path = Info.plist; sourceTree = "<group>"; };
		CE73D16D2839F62600B20D0D /* HomeViewController.swift */ = {isa = PBXFileReference; lastKnownFileType = sourcecode.swift; path = HomeViewController.swift; sourceTree = "<group>"; };
		CE73D16F2839F8AE00B20D0D /* CalendarViewController.swift */ = {isa = PBXFileReference; lastKnownFileType = sourcecode.swift; path = CalendarViewController.swift; sourceTree = "<group>"; };
		CE798A6C28D856AC00E5C340 /* DateFormat.swift */ = {isa = PBXFileReference; lastKnownFileType = sourcecode.swift; path = DateFormat.swift; sourceTree = "<group>"; };
		CE798A6E28D9707100E5C340 /* SaveReviewViewController.swift */ = {isa = PBXFileReference; lastKnownFileType = sourcecode.swift; path = SaveReviewViewController.swift; sourceTree = "<group>"; };
		CE798A7428D9AA5C00E5C340 /* SaveCollectionViewCell.swift */ = {isa = PBXFileReference; lastKnownFileType = sourcecode.swift; path = SaveCollectionViewCell.swift; sourceTree = "<group>"; };
		CE798A7528D9AA5C00E5C340 /* SaveCollectionViewCell.xib */ = {isa = PBXFileReference; lastKnownFileType = file.xib; path = SaveCollectionViewCell.xib; sourceTree = "<group>"; };
		CE7A58BA289AC3B200AD3946 /* APIClient.swift */ = {isa = PBXFileReference; lastKnownFileType = sourcecode.swift; path = APIClient.swift; sourceTree = "<group>"; };
		CE7A58C1289E1D5000AD3946 /* DataModel.swift */ = {isa = PBXFileReference; lastKnownFileType = sourcecode.swift; path = DataModel.swift; sourceTree = "<group>"; };
		CE7E727728ECDD0000C0E550 /* CategoryTableViewCell.swift */ = {isa = PBXFileReference; lastKnownFileType = sourcecode.swift; path = CategoryTableViewCell.swift; sourceTree = "<group>"; };
		CE7E727828ECDD0000C0E550 /* CategoryTableViewCell.xib */ = {isa = PBXFileReference; lastKnownFileType = file.xib; path = CategoryTableViewCell.xib; sourceTree = "<group>"; };
		CE7E727B28ED8D0700C0E550 /* ListViewController.swift */ = {isa = PBXFileReference; lastKnownFileType = sourcecode.swift; path = ListViewController.swift; sourceTree = "<group>"; };
		CE7E727D28ED8D3600C0E550 /* ListCollectionViewCell.swift */ = {isa = PBXFileReference; lastKnownFileType = sourcecode.swift; path = ListCollectionViewCell.swift; sourceTree = "<group>"; };
		CE7E727E28ED8D3600C0E550 /* ListCollectionViewCell.xib */ = {isa = PBXFileReference; lastKnownFileType = file.xib; path = ListCollectionViewCell.xib; sourceTree = "<group>"; };
		CE7F69A728EC6D4C00D9B990 /* MyListViewController.swift */ = {isa = PBXFileReference; lastKnownFileType = sourcecode.swift; path = MyListViewController.swift; sourceTree = "<group>"; };
		CE7F69AF28EC731200D9B990 /* Provider.swift */ = {isa = PBXFileReference; lastKnownFileType = sourcecode.swift; path = Provider.swift; sourceTree = "<group>"; };
		CE7F69B128EC734E00D9B990 /* SimpleEntry.swift */ = {isa = PBXFileReference; lastKnownFileType = sourcecode.swift; path = SimpleEntry.swift; sourceTree = "<group>"; };
		CE80C15628716EF9000646B2 /* Goal.swift */ = {isa = PBXFileReference; lastKnownFileType = sourcecode.swift; path = Goal.swift; sourceTree = "<group>"; };
		CE8D8BE828B911840024B322 /* TargetDetailViewController.swift */ = {isa = PBXFileReference; lastKnownFileType = sourcecode.swift; path = TargetDetailViewController.swift; sourceTree = "<group>"; };
		CE8D8BEA28B9194C0024B322 /* CircleChart.swift */ = {isa = PBXFileReference; lastKnownFileType = sourcecode.swift; path = CircleChart.swift; sourceTree = "<group>"; };
		CEACDF4F289571AF0005F4A6 /* ReviewViewController.swift */ = {isa = PBXFileReference; lastKnownFileType = sourcecode.swift; path = ReviewViewController.swift; sourceTree = "<group>"; };
		CEAE56BB289746DB002DBEA2 /* InnerCollectionViewCell.xib */ = {isa = PBXFileReference; lastKnownFileType = file.xib; path = InnerCollectionViewCell.xib; sourceTree = "<group>"; };
		CEAE56BE28974864002DBEA2 /* InnerCollectionViewCell.swift */ = {isa = PBXFileReference; lastKnownFileType = sourcecode.swift; path = InnerCollectionViewCell.swift; sourceTree = "<group>"; };
		CEAE56C2289766FB002DBEA2 /* FriendsInnerCollectionViewCell.swift */ = {isa = PBXFileReference; lastKnownFileType = sourcecode.swift; path = FriendsInnerCollectionViewCell.swift; sourceTree = "<group>"; };
		CEAE56C3289766FB002DBEA2 /* FriendsInnerCollectionViewCell.xib */ = {isa = PBXFileReference; lastKnownFileType = file.xib; path = FriendsInnerCollectionViewCell.xib; sourceTree = "<group>"; };
		CEB0F50E2920B8D90053766B /* FirebaseClient.swift */ = {isa = PBXFileReference; lastKnownFileType = sourcecode.swift; path = FirebaseClient.swift; sourceTree = "<group>"; };
		CEB475482859220A002654E6 /* LogInViewController.swift */ = {isa = PBXFileReference; lastKnownFileType = sourcecode.swift; path = LogInViewController.swift; sourceTree = "<group>"; };
		CEB4754A2859F894002654E6 /* AccountViewController.swift */ = {isa = PBXFileReference; lastKnownFileType = sourcecode.swift; path = AccountViewController.swift; sourceTree = "<group>"; };
		CEB4755A285F65CD002654E6 /* QuestionViewController.swift */ = {isa = PBXFileReference; lastKnownFileType = sourcecode.swift; path = QuestionViewController.swift; sourceTree = "<group>"; };
		CEB47560285F6981002654E6 /* QuestionTableViewCell.swift */ = {isa = PBXFileReference; lastKnownFileType = sourcecode.swift; path = QuestionTableViewCell.swift; sourceTree = "<group>"; };
		CEB47561285F6981002654E6 /* QuestionTableViewCell.xib */ = {isa = PBXFileReference; lastKnownFileType = file.xib; path = QuestionTableViewCell.xib; sourceTree = "<group>"; };
		CEB47564286B499C002654E6 /* CalendarTargetCollectionViewCell.swift */ = {isa = PBXFileReference; lastKnownFileType = sourcecode.swift; path = CalendarTargetCollectionViewCell.swift; sourceTree = "<group>"; };
		CEB47565286B499C002654E6 /* CalendarTargetCollectionViewCell.xib */ = {isa = PBXFileReference; lastKnownFileType = file.xib; path = CalendarTargetCollectionViewCell.xib; sourceTree = "<group>"; };
		CEB4756A28713450002654E6 /* MakeTargetViewController.swift */ = {isa = PBXFileReference; lastKnownFileType = sourcecode.swift; path = MakeTargetViewController.swift; sourceTree = "<group>"; };
		CEB4757028713863002654E6 /* MakeTargetTableViewCell.swift */ = {isa = PBXFileReference; lastKnownFileType = sourcecode.swift; path = MakeTargetTableViewCell.swift; sourceTree = "<group>"; };
		CEB4757128713863002654E6 /* MakeTargetTableViewCell.xib */ = {isa = PBXFileReference; lastKnownFileType = file.xib; path = MakeTargetTableViewCell.xib; sourceTree = "<group>"; };
		CEB4757428713986002654E6 /* ImportanceTableViewCell.swift */ = {isa = PBXFileReference; lastKnownFileType = sourcecode.swift; path = ImportanceTableViewCell.swift; sourceTree = "<group>"; };
		CEB4757528713986002654E6 /* ImportanceTableViewCell.xib */ = {isa = PBXFileReference; lastKnownFileType = file.xib; path = ImportanceTableViewCell.xib; sourceTree = "<group>"; };
		CEB4757C28713B11002654E6 /* DateTargetTableViewCell.swift */ = {isa = PBXFileReference; lastKnownFileType = sourcecode.swift; path = DateTargetTableViewCell.swift; sourceTree = "<group>"; };
		CEB4757D28713B11002654E6 /* DateTargetTableViewCell.xib */ = {isa = PBXFileReference; lastKnownFileType = file.xib; path = DateTargetTableViewCell.xib; sourceTree = "<group>"; };
		CEC444812920917B007FEF1C /* ChartDataEntry.swift */ = {isa = PBXFileReference; lastKnownFileType = sourcecode.swift; path = ChartDataEntry.swift; sourceTree = "<group>"; };
		CEC4448329209261007FEF1C /* GraphViewModel.swift */ = {isa = PBXFileReference; lastKnownFileType = sourcecode.swift; path = GraphViewModel.swift; sourceTree = "<group>"; };
		CEC4448529209563007FEF1C /* LineChartView.swift */ = {isa = PBXFileReference; lastKnownFileType = sourcecode.swift; path = LineChartView.swift; sourceTree = "<group>"; };
		CEC67BD0294599090090994D /* AuthStateManager.swift */ = {isa = PBXFileReference; lastKnownFileType = sourcecode.swift; path = AuthStateManager.swift; sourceTree = "<group>"; };
		CEC6855928AFDA11007C0967 /* Review.swift */ = {isa = PBXFileReference; lastKnownFileType = sourcecode.swift; path = Review.swift; sourceTree = "<group>"; };
		CEC6855B28B0B3C5007C0967 /* Alert.swift */ = {isa = PBXFileReference; lastKnownFileType = sourcecode.swift; path = Alert.swift; sourceTree = "<group>"; };
		CEC6855D28B12617007C0967 /* ReframingViewController.swift */ = {isa = PBXFileReference; lastKnownFileType = sourcecode.swift; path = ReframingViewController.swift; sourceTree = "<group>"; };
		CECC28A628EB77B300219F98 /* TaffiWidgetExtension.appex */ = {isa = PBXFileReference; explicitFileType = "wrapper.app-extension"; includeInIndex = 0; path = TaffiWidgetExtension.appex; sourceTree = BUILT_PRODUCTS_DIR; };
		CECC28AA28EB77B300219F98 /* TaffiWidget.swift */ = {isa = PBXFileReference; lastKnownFileType = sourcecode.swift; path = TaffiWidget.swift; sourceTree = "<group>"; };
		CECC28AC28EB77B300219F98 /* TaffiWidget.intentdefinition */ = {isa = PBXFileReference; lastKnownFileType = file.intentdefinition; path = TaffiWidget.intentdefinition; sourceTree = "<group>"; };
		CECC28AD28EB77B400219F98 /* Assets.xcassets */ = {isa = PBXFileReference; lastKnownFileType = folder.assetcatalog; path = Assets.xcassets; sourceTree = "<group>"; };
		CECC28AF28EB77B400219F98 /* Info.plist */ = {isa = PBXFileReference; lastKnownFileType = text.plist.xml; path = Info.plist; sourceTree = "<group>"; };
		CECC28BE28EB780E00219F98 /* TaffiWidgetExtension.entitlements */ = {isa = PBXFileReference; lastKnownFileType = text.plist.entitlements; path = TaffiWidgetExtension.entitlements; sourceTree = "<group>"; };
		CECC28BF28EB7C2F00219F98 /* Positive.entitlements */ = {isa = PBXFileReference; lastKnownFileType = text.plist.entitlements; path = Positive.entitlements; sourceTree = "<group>"; };
		CED649BD28BC5DB600E12D61 /* MyQRCodeReader.swift */ = {isa = PBXFileReference; lastKnownFileType = sourcecode.swift; path = MyQRCodeReader.swift; sourceTree = "<group>"; };
		CED649C128BC5E6E00E12D61 /* User.swift */ = {isa = PBXFileReference; lastKnownFileType = sourcecode.swift; path = User.swift; sourceTree = "<group>"; };
		CED649C528BC5F3300E12D61 /* CapturingViewController.swift */ = {isa = PBXFileReference; lastKnownFileType = sourcecode.swift; path = CapturingViewController.swift; sourceTree = "<group>"; };
		CED6A12E28C3487F0082D498 /* FlowLayout.swift */ = {isa = PBXFileReference; lastKnownFileType = sourcecode.swift; path = FlowLayout.swift; sourceTree = "<group>"; };
		CED6A13028C3CCF40082D498 /* QRViewController.swift */ = {isa = PBXFileReference; lastKnownFileType = sourcecode.swift; path = QRViewController.swift; sourceTree = "<group>"; };
		CED85EDC28DB17B700AE22A3 /* WidgetKit.framework */ = {isa = PBXFileReference; lastKnownFileType = wrapper.framework; name = WidgetKit.framework; path = System/Library/Frameworks/WidgetKit.framework; sourceTree = SDKROOT; };
		CED85EDE28DB17B700AE22A3 /* SwiftUI.framework */ = {isa = PBXFileReference; lastKnownFileType = wrapper.framework; name = SwiftUI.framework; path = System/Library/Frameworks/SwiftUI.framework; sourceTree = SDKROOT; };
		CEED455229644F29006CBD2A /* SignInUpViewModel.swift */ = {isa = PBXFileReference; lastKnownFileType = sourcecode.swift; path = SignInUpViewModel.swift; sourceTree = "<group>"; };
		CEED455829671096006CBD2A /* PagingViewController.swift */ = {isa = PBXFileReference; lastKnownFileType = sourcecode.swift; path = PagingViewController.swift; sourceTree = "<group>"; };
		CEEE82B32847A99A00732497 /* SignUpViewController.swift */ = {isa = PBXFileReference; lastKnownFileType = sourcecode.swift; path = SignUpViewController.swift; sourceTree = "<group>"; };
		CEEE82B7284B6A4400732497 /* TabBarViewController.swift */ = {isa = PBXFileReference; lastKnownFileType = sourcecode.swift; path = TabBarViewController.swift; sourceTree = "<group>"; };
		CEF07DA028F3161C005AACA3 /* TransferValue.swift */ = {isa = PBXFileReference; lastKnownFileType = sourcecode.swift; path = TransferValue.swift; sourceTree = "<group>"; };
		CEF07DA228F317EF005AACA3 /* ActivityIndicator.swift */ = {isa = PBXFileReference; lastKnownFileType = sourcecode.swift; path = ActivityIndicator.swift; sourceTree = "<group>"; };
/* End PBXFileReference section */

/* Begin PBXFrameworksBuildPhase section */
		CE73D1532839DF4C00B20D0D /* Frameworks */ = {
			isa = PBXFrameworksBuildPhase;
			buildActionMask = 2147483647;
			files = (
				CEDA1BE128BA5DC400D07A53 /* FirebaseFirestoreSwift in Frameworks */,
				CEDA1BE628BA5E2A00D07A53 /* Alamofire in Frameworks */,
				CEDA1BDB28BA5DC400D07A53 /* FirebaseAnalytics in Frameworks */,
				CEDA1BDF28BA5DC400D07A53 /* FirebaseFirestore in Frameworks */,
				CEDA1BDD28BA5DC400D07A53 /* FirebaseAuth in Frameworks */,
				CEDA1BE928BA5E5F00D07A53 /* FSCalendar in Frameworks */,
				CEDA1BE328BA5DC400D07A53 /* FirebaseStorage in Frameworks */,
			);
			runOnlyForDeploymentPostprocessing = 0;
		};
		CECC28A328EB77B300219F98 /* Frameworks */ = {
			isa = PBXFrameworksBuildPhase;
			buildActionMask = 2147483647;
			files = (
				CECC28A828EB77B300219F98 /* SwiftUI.framework in Frameworks */,
				CECC28BB28EB77ED00219F98 /* FirebaseFirestore in Frameworks */,
				CECC28B928EB77DC00219F98 /* FirebaseAuth in Frameworks */,
				CECC28BD28EB77F900219F98 /* FirebaseAnalytics in Frameworks */,
				CECC28A728EB77B300219F98 /* WidgetKit.framework in Frameworks */,
			);
			runOnlyForDeploymentPostprocessing = 0;
		};
/* End PBXFrameworksBuildPhase section */

/* Begin PBXGroup section */
		C3278182D79C017D0B74DA11 /* Frameworks */ = {
			isa = PBXGroup;
			children = (
				CED85EDC28DB17B700AE22A3 /* WidgetKit.framework */,
				CED85EDE28DB17B700AE22A3 /* SwiftUI.framework */,
			);
			name = Frameworks;
			sourceTree = "<group>";
		};
		CE2F3B782934D154006D1FF1 /* Tutorial */ = {
			isa = PBXGroup;
			children = (
				CE2F3B762934D14C006D1FF1 /* Tutorial.storyboard */,
				CEED455829671096006CBD2A /* PagingViewController.swift */,
			);
			path = Tutorial;
			sourceTree = "<group>";
		};
		CE4A6C1D28FBD62D00BA3FCC /* StoryBoard */ = {
			isa = PBXGroup;
			children = (
				CE4A6C1E28FBD7A300BA3FCC /* MainStory.storyboard */,
				CE4A6C1128FBD4BC00BA3FCC /* HomeStory.storyboard */,
				CE4A6C1328FBD52C00BA3FCC /* TargetDetailStory.storyboard */,
				CE4A6C1528FBD58200BA3FCC /* CalendarStory.storyboard */,
				CE4A6C1728FBD5AA00BA3FCC /* ReviewStory.storyboard */,
				CE4A6C1928FBD5FB00BA3FCC /* AccountStory.storyboard */,
				CE4A6C1B28FBD61800BA3FCC /* QRStory.storyboard */,
			);
			path = StoryBoard;
			sourceTree = "<group>";
		};
		CE6488E0287169DD0054408F /* MakeTarget */ = {
			isa = PBXGroup;
			children = (
				CEB4756A28713450002654E6 /* MakeTargetViewController.swift */,
				CEB4755A285F65CD002654E6 /* QuestionViewController.swift */,
				CEB4757C28713B11002654E6 /* DateTargetTableViewCell.swift */,
				CEB4757D28713B11002654E6 /* DateTargetTableViewCell.xib */,
				CEB4757428713986002654E6 /* ImportanceTableViewCell.swift */,
				CEB4757528713986002654E6 /* ImportanceTableViewCell.xib */,
				CEB4757028713863002654E6 /* MakeTargetTableViewCell.swift */,
				CEB4757128713863002654E6 /* MakeTargetTableViewCell.xib */,
				CEB47560285F6981002654E6 /* QuestionTableViewCell.swift */,
				CEB47561285F6981002654E6 /* QuestionTableViewCell.xib */,
			);
			path = MakeTarget;
			sourceTree = "<group>";
		};
		CE73D14D2839DF4C00B20D0D = {
			isa = PBXGroup;
			children = (
				CECC28BE28EB780E00219F98 /* TaffiWidgetExtension.entitlements */,
				CE73D1582839DF4C00B20D0D /* Positive */,
				CECC28A928EB77B300219F98 /* TaffiWidget */,
				CE73D1572839DF4C00B20D0D /* Products */,
				C3278182D79C017D0B74DA11 /* Frameworks */,
			);
			sourceTree = "<group>";
		};
		CE73D1572839DF4C00B20D0D /* Products */ = {
			isa = PBXGroup;
			children = (
				CE73D1562839DF4C00B20D0D /* Positive.app */,
				CECC28A628EB77B300219F98 /* TaffiWidgetExtension.appex */,
			);
			name = Products;
			sourceTree = "<group>";
		};
		CE73D1582839DF4C00B20D0D /* Positive */ = {
			isa = PBXGroup;
			children = (
				CE68C57C29D8E5D0000C5EC0 /* PositiveRelease.entitlements */,
				CE2F3B782934D154006D1FF1 /* Tutorial */,
				CECC28BF28EB7C2F00219F98 /* Positive.entitlements */,
				CE73D1592839DF4C00B20D0D /* AppDelegate.swift */,
				CE73D15B2839DF4C00B20D0D /* SceneDelegate.swift */,
				CEC6855B28B0B3C5007C0967 /* Alert.swift */,
				CE798A6C28D856AC00E5C340 /* DateFormat.swift */,
				CEF07DA228F317EF005AACA3 /* ActivityIndicator.swift */,
				CE360FCE28FBDCF600C7E7B8 /* GoogleService-Info.plist */,
				CEB0F50E2920B8D90053766B /* FirebaseClient.swift */,
				CEC67BD229459FC70090994D /* Manager */,
				CECC289C28EB1F6F00219F98 /* TabBar */,
				CECC289B28EB1F2900219F98 /* Model */,
				CECC289D28EB1F9B00219F98 /* SignInUp */,
				CEAE56C128975FA9002DBEA2 /* Home */,
				CE6488E0287169DD0054408F /* MakeTarget */,
				CECC28A128EB204700219F98 /* Calendar */,
				CECC289E28EB1FE000219F98 /* Review */,
				CECC289F28EB200000219F98 /* Account */,
				CECC28A028EB201300219F98 /* QR */,
				CE73D1622839DF4E00B20D0D /* Assets.xcassets */,
				CE73D1642839DF4E00B20D0D /* LaunchScreen.storyboard */,
				CE4A6C1D28FBD62D00BA3FCC /* StoryBoard */,
				CE73D1672839DF4E00B20D0D /* Info.plist */,
			);
			path = Positive;
			sourceTree = "<group>";
		};
		CE7E728328EE2A8900C0E550 /* MyList */ = {
			isa = PBXGroup;
			children = (
				CE7E727B28ED8D0700C0E550 /* ListViewController.swift */,
				CE7E727D28ED8D3600C0E550 /* ListCollectionViewCell.swift */,
				CE7E727E28ED8D3600C0E550 /* ListCollectionViewCell.xib */,
			);
			path = MyList;
			sourceTree = "<group>";
		};
		CEAE56C128975FA9002DBEA2 /* Home */ = {
			isa = PBXGroup;
			children = (
				CE73D16D2839F62600B20D0D /* HomeViewController.swift */,
				CE8D8BE828B911840024B322 /* TargetDetailViewController.swift */,
				CEAE56BE28974864002DBEA2 /* InnerCollectionViewCell.swift */,
				CEAE56BB289746DB002DBEA2 /* InnerCollectionViewCell.xib */,
				CEAE56C2289766FB002DBEA2 /* FriendsInnerCollectionViewCell.swift */,
				CEAE56C3289766FB002DBEA2 /* FriendsInnerCollectionViewCell.xib */,
				CED6A12E28C3487F0082D498 /* FlowLayout.swift */,
			);
			path = Home;
			sourceTree = "<group>";
		};
		CEC67BD229459FC70090994D /* Manager */ = {
			isa = PBXGroup;
			children = (
				CEC67BD0294599090090994D /* AuthStateManager.swift */,
			);
			path = Manager;
			sourceTree = "<group>";
		};
		CECC289B28EB1F2900219F98 /* Model */ = {
			isa = PBXGroup;
			children = (
				CE7A58C1289E1D5000AD3946 /* DataModel.swift */,
				CEF07DA028F3161C005AACA3 /* TransferValue.swift */,
				CED649C128BC5E6E00E12D61 /* User.swift */,
				CE80C15628716EF9000646B2 /* Goal.swift */,
				CEC6855928AFDA11007C0967 /* Review.swift */,
				CEC444812920917B007FEF1C /* ChartDataEntry.swift */,
				CEC4448329209261007FEF1C /* GraphViewModel.swift */,
				CEED455229644F29006CBD2A /* SignInUpViewModel.swift */,
			);
			path = Model;
			sourceTree = "<group>";
		};
		CECC289C28EB1F6F00219F98 /* TabBar */ = {
			isa = PBXGroup;
			children = (
				CEEE82B7284B6A4400732497 /* TabBarViewController.swift */,
				CE3E7833288C40A000548FFD /* TabBar.swift */,
			);
			path = TabBar;
			sourceTree = "<group>";
		};
		CECC289D28EB1F9B00219F98 /* SignInUp */ = {
			isa = PBXGroup;
			children = (
				CEEE82B32847A99A00732497 /* SignUpViewController.swift */,
				CEB475482859220A002654E6 /* LogInViewController.swift */,
			);
			path = SignInUp;
			sourceTree = "<group>";
		};
		CECC289E28EB1FE000219F98 /* Review */ = {
			isa = PBXGroup;
			children = (
				CEACDF4F289571AF0005F4A6 /* ReviewViewController.swift */,
				CE798A6E28D9707100E5C340 /* SaveReviewViewController.swift */,
				CEC6855D28B12617007C0967 /* ReframingViewController.swift */,
				CE798A7428D9AA5C00E5C340 /* SaveCollectionViewCell.swift */,
				CE798A7528D9AA5C00E5C340 /* SaveCollectionViewCell.xib */,
				CE7A58BA289AC3B200AD3946 /* APIClient.swift */,
			);
			path = Review;
			sourceTree = "<group>";
		};
		CECC289F28EB200000219F98 /* Account */ = {
			isa = PBXGroup;
			children = (
				CEB4754A2859F894002654E6 /* AccountViewController.swift */,
				CEC4448529209563007FEF1C /* LineChartView.swift */,
				CE7F69A728EC6D4C00D9B990 /* MyListViewController.swift */,
				CE08B05528BD19860054D0D6 /* EditAccountViewController.swift */,
				CE8D8BEA28B9194C0024B322 /* CircleChart.swift */,
				CE644D8D28B7C580008443BE /* FriendAccCollectionViewCell.swift */,
				CE644D8E28B7C580008443BE /* FriendAccCollectionViewCell.xib */,
				CE7E727728ECDD0000C0E550 /* CategoryTableViewCell.swift */,
				CE7E727828ECDD0000C0E550 /* CategoryTableViewCell.xib */,
				CE7E728328EE2A8900C0E550 /* MyList */,
			);
			path = Account;
			sourceTree = "<group>";
		};
		CECC28A028EB201300219F98 /* QR */ = {
			isa = PBXGroup;
			children = (
				CED6A13028C3CCF40082D498 /* QRViewController.swift */,
				CED649BD28BC5DB600E12D61 /* MyQRCodeReader.swift */,
				CED649C528BC5F3300E12D61 /* CapturingViewController.swift */,
			);
			path = QR;
			sourceTree = "<group>";
		};
		CECC28A128EB204700219F98 /* Calendar */ = {
			isa = PBXGroup;
			children = (
				CE73D16F2839F8AE00B20D0D /* CalendarViewController.swift */,
				CEB47564286B499C002654E6 /* CalendarTargetCollectionViewCell.swift */,
				CEB47565286B499C002654E6 /* CalendarTargetCollectionViewCell.xib */,
			);
			path = Calendar;
			sourceTree = "<group>";
		};
		CECC28A928EB77B300219F98 /* TaffiWidget */ = {
			isa = PBXGroup;
			children = (
				CECC28AA28EB77B300219F98 /* TaffiWidget.swift */,
				CE7F69AF28EC731200D9B990 /* Provider.swift */,
				CE7F69B128EC734E00D9B990 /* SimpleEntry.swift */,
				CECC28AC28EB77B300219F98 /* TaffiWidget.intentdefinition */,
				CECC28AD28EB77B400219F98 /* Assets.xcassets */,
				CECC28AF28EB77B400219F98 /* Info.plist */,
			);
			path = TaffiWidget;
			sourceTree = "<group>";
		};
/* End PBXGroup section */

/* Begin PBXNativeTarget section */
		CE73D1552839DF4C00B20D0D /* Positive */ = {
			isa = PBXNativeTarget;
			buildConfigurationList = CE73D16A2839DF4E00B20D0D /* Build configuration list for PBXNativeTarget "Positive" */;
			buildPhases = (
				CE73D1522839DF4C00B20D0D /* Sources */,
				CE73D1532839DF4C00B20D0D /* Frameworks */,
				CE73D1542839DF4C00B20D0D /* Resources */,
				CED85EEF28DB17B900AE22A3 /* Embed App Extensions */,
			);
			buildRules = (
			);
			dependencies = (
				CECC28B328EB77B400219F98 /* PBXTargetDependency */,
			);
			name = Positive;
			packageProductDependencies = (
				CEDA1BDA28BA5DC400D07A53 /* FirebaseAnalytics */,
				CEDA1BDC28BA5DC400D07A53 /* FirebaseAuth */,
				CEDA1BDE28BA5DC400D07A53 /* FirebaseFirestore */,
				CEDA1BE028BA5DC400D07A53 /* FirebaseFirestoreSwift */,
				CEDA1BE228BA5DC400D07A53 /* FirebaseStorage */,
				CEDA1BE528BA5E2A00D07A53 /* Alamofire */,
				CEDA1BE828BA5E5F00D07A53 /* FSCalendar */,
			);
			productName = Positive;
			productReference = CE73D1562839DF4C00B20D0D /* Positive.app */;
			productType = "com.apple.product-type.application";
		};
		CECC28A528EB77B300219F98 /* TaffiWidgetExtension */ = {
			isa = PBXNativeTarget;
			buildConfigurationList = CECC28B528EB77B400219F98 /* Build configuration list for PBXNativeTarget "TaffiWidgetExtension" */;
			buildPhases = (
				CECC28A228EB77B300219F98 /* Sources */,
				CECC28A328EB77B300219F98 /* Frameworks */,
				CECC28A428EB77B300219F98 /* Resources */,
			);
			buildRules = (
			);
			dependencies = (
			);
			name = TaffiWidgetExtension;
			packageProductDependencies = (
				CECC28B828EB77DC00219F98 /* FirebaseAuth */,
				CECC28BA28EB77ED00219F98 /* FirebaseFirestore */,
				CECC28BC28EB77F900219F98 /* FirebaseAnalytics */,
			);
			productName = TaffiWidgetExtension;
			productReference = CECC28A628EB77B300219F98 /* TaffiWidgetExtension.appex */;
			productType = "com.apple.product-type.app-extension";
		};
/* End PBXNativeTarget section */

/* Begin PBXProject section */
		CE73D14E2839DF4C00B20D0D /* Project object */ = {
			isa = PBXProject;
			attributes = {
				BuildIndependentTargetsInParallel = 1;
				LastSwiftUpdateCheck = 1340;
				LastUpgradeCheck = 1320;
				TargetAttributes = {
					CE73D1552839DF4C00B20D0D = {
						CreatedOnToolsVersion = 13.2.1;
					};
					CECC28A528EB77B300219F98 = {
						CreatedOnToolsVersion = 13.4.1;
					};
				};
			};
			buildConfigurationList = CE73D1512839DF4C00B20D0D /* Build configuration list for PBXProject "Positive" */;
			compatibilityVersion = "Xcode 13.0";
			developmentRegion = en;
			hasScannedForEncodings = 0;
			knownRegions = (
				en,
				Base,
			);
			mainGroup = CE73D14D2839DF4C00B20D0D;
			packageReferences = (
				CEDA1BD928BA5DC400D07A53 /* XCRemoteSwiftPackageReference "firebase-ios-sdk" */,
				CEDA1BE428BA5E2A00D07A53 /* XCRemoteSwiftPackageReference "Alamofire" */,
				CEDA1BE728BA5E5F00D07A53 /* XCRemoteSwiftPackageReference "FSCalendar" */,
			);
			productRefGroup = CE73D1572839DF4C00B20D0D /* Products */;
			projectDirPath = "";
			projectRoot = "";
			targets = (
				CE73D1552839DF4C00B20D0D /* Positive */,
				CECC28A528EB77B300219F98 /* TaffiWidgetExtension */,
			);
		};
/* End PBXProject section */

/* Begin PBXResourcesBuildPhase section */
		CE73D1542839DF4C00B20D0D /* Resources */ = {
			isa = PBXResourcesBuildPhase;
			buildActionMask = 2147483647;
			files = (
				CE4A6C1F28FBD7A300BA3FCC /* MainStory.storyboard in Resources */,
				CEB4757728713986002654E6 /* ImportanceTableViewCell.xib in Resources */,
				CEAE56BD289746DB002DBEA2 /* InnerCollectionViewCell.xib in Resources */,
				CE2F3B772934D14C006D1FF1 /* Tutorial.storyboard in Resources */,
				CE644D9028B7C580008443BE /* FriendAccCollectionViewCell.xib in Resources */,
				CE73D1662839DF4E00B20D0D /* LaunchScreen.storyboard in Resources */,
				CE7E728028ED8D3600C0E550 /* ListCollectionViewCell.xib in Resources */,
				CE73D1632839DF4E00B20D0D /* Assets.xcassets in Resources */,
				CE4A6C1828FBD5AA00BA3FCC /* ReviewStory.storyboard in Resources */,
				CE7E727A28ECDD0000C0E550 /* CategoryTableViewCell.xib in Resources */,
				CEB47567286B499C002654E6 /* CalendarTargetCollectionViewCell.xib in Resources */,
				CEB4757328713863002654E6 /* MakeTargetTableViewCell.xib in Resources */,
				CEB4757F28713B11002654E6 /* DateTargetTableViewCell.xib in Resources */,
				CEAE56C5289766FB002DBEA2 /* FriendsInnerCollectionViewCell.xib in Resources */,
				CE798A7728D9AA5C00E5C340 /* SaveCollectionViewCell.xib in Resources */,
				CE4A6C1C28FBD61800BA3FCC /* QRStory.storyboard in Resources */,
				CE4A6C1228FBD4BC00BA3FCC /* HomeStory.storyboard in Resources */,
				CEB47563285F6981002654E6 /* QuestionTableViewCell.xib in Resources */,
				CE4A6C1A28FBD5FB00BA3FCC /* AccountStory.storyboard in Resources */,
				CE4A6C1428FBD52C00BA3FCC /* TargetDetailStory.storyboard in Resources */,
				CED18C6428FED5EC0008FF7C /* GoogleService-Info.plist in Resources */,
				CE4A6C1628FBD58200BA3FCC /* CalendarStory.storyboard in Resources */,
			);
			runOnlyForDeploymentPostprocessing = 0;
		};
		CECC28A428EB77B300219F98 /* Resources */ = {
			isa = PBXResourcesBuildPhase;
			buildActionMask = 2147483647;
			files = (
				CECC28AE28EB77B400219F98 /* Assets.xcassets in Resources */,
				CECC28C128EC1D6C00219F98 /* Assets.xcassets in Resources */,
				CED18C6528FED5ED0008FF7C /* GoogleService-Info.plist in Resources */,
			);
			runOnlyForDeploymentPostprocessing = 0;
		};
/* End PBXResourcesBuildPhase section */

/* Begin PBXSourcesBuildPhase section */
		CE73D1522839DF4C00B20D0D /* Sources */ = {
			isa = PBXSourcesBuildPhase;
			buildActionMask = 2147483647;
			files = (
				CEACDF50289571AF0005F4A6 /* ReviewViewController.swift in Sources */,
				CE798A7628D9AA5C00E5C340 /* SaveCollectionViewCell.swift in Sources */,
				CEB4757628713986002654E6 /* ImportanceTableViewCell.swift in Sources */,
				CE7F69A828EC6D4C00D9B990 /* MyListViewController.swift in Sources */,
				CEB4757228713863002654E6 /* MakeTargetTableViewCell.swift in Sources */,
				CEEE82B8284B6A4400732497 /* TabBarViewController.swift in Sources */,
				CED649C228BC5E6E00E12D61 /* User.swift in Sources */,
				CEB47562285F6981002654E6 /* QuestionTableViewCell.swift in Sources */,
				CEC444822920917B007FEF1C /* ChartDataEntry.swift in Sources */,
				CEAE56BF28974864002DBEA2 /* InnerCollectionViewCell.swift in Sources */,
				CEC4448629209564007FEF1C /* LineChartView.swift in Sources */,
				CE73D1702839F8AE00B20D0D /* CalendarViewController.swift in Sources */,
				CEB4756B28713450002654E6 /* MakeTargetViewController.swift in Sources */,
				CEF07DA128F3161C005AACA3 /* TransferValue.swift in Sources */,
				CEB47566286B499C002654E6 /* CalendarTargetCollectionViewCell.swift in Sources */,
				CEB4755B285F65CD002654E6 /* QuestionViewController.swift in Sources */,
				CE7E727928ECDD0000C0E550 /* CategoryTableViewCell.swift in Sources */,
				CEF07DA328F317EF005AACA3 /* ActivityIndicator.swift in Sources */,
				CEC4448429209261007FEF1C /* GraphViewModel.swift in Sources */,
				CEAE56C4289766FB002DBEA2 /* FriendsInnerCollectionViewCell.swift in Sources */,
				CE798A6F28D9707100E5C340 /* SaveReviewViewController.swift in Sources */,
				CED6A12F28C3487F0082D498 /* FlowLayout.swift in Sources */,
				CECC28B128EB77B400219F98 /* TaffiWidget.intentdefinition in Sources */,
				CEED455329644F29006CBD2A /* SignInUpViewModel.swift in Sources */,
				CED649C628BC5F3300E12D61 /* CapturingViewController.swift in Sources */,
				CEEE82B42847A99A00732497 /* SignUpViewController.swift in Sources */,
				CEED455929671096006CBD2A /* PagingViewController.swift in Sources */,
				CE73D15A2839DF4C00B20D0D /* AppDelegate.swift in Sources */,
				CE7E727C28ED8D0700C0E550 /* ListViewController.swift in Sources */,
				CED649BE28BC5DB600E12D61 /* MyQRCodeReader.swift in Sources */,
				CEC6855C28B0B3C6007C0967 /* Alert.swift in Sources */,
				CE73D15C2839DF4C00B20D0D /* SceneDelegate.swift in Sources */,
				CE8D8BE928B911840024B322 /* TargetDetailViewController.swift in Sources */,
				CEB475492859220A002654E6 /* LogInViewController.swift in Sources */,
				CED6A13128C3CCF40082D498 /* QRViewController.swift in Sources */,
				CE80C15728716EF9000646B2 /* Goal.swift in Sources */,
				CEC6855E28B12617007C0967 /* ReframingViewController.swift in Sources */,
				CE7A58C2289E1D5000AD3946 /* DataModel.swift in Sources */,
				CE798A6D28D856AC00E5C340 /* DateFormat.swift in Sources */,
				CE8D8BEB28B9194C0024B322 /* CircleChart.swift in Sources */,
				CEC6855A28AFDA11007C0967 /* Review.swift in Sources */,
				CE73D16E2839F62600B20D0D /* HomeViewController.swift in Sources */,
				CEB4757E28713B11002654E6 /* DateTargetTableViewCell.swift in Sources */,
				CE7E727F28ED8D3600C0E550 /* ListCollectionViewCell.swift in Sources */,
				CEB4754B2859F894002654E6 /* AccountViewController.swift in Sources */,
				CE3E7834288C40A000548FFD /* TabBar.swift in Sources */,
				CE7A58BB289AC3B200AD3946 /* APIClient.swift in Sources */,
				CE08B05628BD19870054D0D6 /* EditAccountViewController.swift in Sources */,
				CE644D8F28B7C580008443BE /* FriendAccCollectionViewCell.swift in Sources */,
				CEC67BD1294599090090994D /* AuthStateManager.swift in Sources */,
				CEB0F50F2920B8D90053766B /* FirebaseClient.swift in Sources */,
			);
			runOnlyForDeploymentPostprocessing = 0;
		};
		CECC28A228EB77B300219F98 /* Sources */ = {
			isa = PBXSourcesBuildPhase;
			buildActionMask = 2147483647;
			files = (
				CE7F69B328EC736300D9B990 /* SimpleEntry.swift in Sources */,
				CECC28AB28EB77B300219F98 /* TaffiWidget.swift in Sources */,
				CECC28B028EB77B400219F98 /* TaffiWidget.intentdefinition in Sources */,
				CE7F69B428EC736700D9B990 /* Provider.swift in Sources */,
				CECC28C228EC1D8400219F98 /* DateFormat.swift in Sources */,
			);
			runOnlyForDeploymentPostprocessing = 0;
		};
/* End PBXSourcesBuildPhase section */

/* Begin PBXTargetDependency section */
		CECC28B328EB77B400219F98 /* PBXTargetDependency */ = {
			isa = PBXTargetDependency;
			target = CECC28A528EB77B300219F98 /* TaffiWidgetExtension */;
			targetProxy = CECC28B228EB77B400219F98 /* PBXContainerItemProxy */;
		};
/* End PBXTargetDependency section */

/* Begin PBXVariantGroup section */
		CE73D1642839DF4E00B20D0D /* LaunchScreen.storyboard */ = {
			isa = PBXVariantGroup;
			children = (
				CE73D1652839DF4E00B20D0D /* Base */,
			);
			name = LaunchScreen.storyboard;
			sourceTree = "<group>";
		};
/* End PBXVariantGroup section */

/* Begin XCBuildConfiguration section */
		CE73D1682839DF4E00B20D0D /* Debug */ = {
			isa = XCBuildConfiguration;
			buildSettings = {
				ALWAYS_SEARCH_USER_PATHS = NO;
				CLANG_ANALYZER_NONNULL = YES;
				CLANG_ANALYZER_NUMBER_OBJECT_CONVERSION = YES_AGGRESSIVE;
				CLANG_CXX_LANGUAGE_STANDARD = "gnu++17";
				CLANG_CXX_LIBRARY = "libc++";
				CLANG_ENABLE_MODULES = YES;
				CLANG_ENABLE_OBJC_ARC = YES;
				CLANG_ENABLE_OBJC_WEAK = YES;
				CLANG_WARN_BLOCK_CAPTURE_AUTORELEASING = YES;
				CLANG_WARN_BOOL_CONVERSION = YES;
				CLANG_WARN_COMMA = YES;
				CLANG_WARN_CONSTANT_CONVERSION = YES;
				CLANG_WARN_DEPRECATED_OBJC_IMPLEMENTATIONS = YES;
				CLANG_WARN_DIRECT_OBJC_ISA_USAGE = YES_ERROR;
				CLANG_WARN_DOCUMENTATION_COMMENTS = YES;
				CLANG_WARN_EMPTY_BODY = YES;
				CLANG_WARN_ENUM_CONVERSION = YES;
				CLANG_WARN_INFINITE_RECURSION = YES;
				CLANG_WARN_INT_CONVERSION = YES;
				CLANG_WARN_NON_LITERAL_NULL_CONVERSION = YES;
				CLANG_WARN_OBJC_IMPLICIT_RETAIN_SELF = YES;
				CLANG_WARN_OBJC_LITERAL_CONVERSION = YES;
				CLANG_WARN_OBJC_ROOT_CLASS = YES_ERROR;
				CLANG_WARN_QUOTED_INCLUDE_IN_FRAMEWORK_HEADER = YES;
				CLANG_WARN_RANGE_LOOP_ANALYSIS = YES;
				CLANG_WARN_STRICT_PROTOTYPES = YES;
				CLANG_WARN_SUSPICIOUS_MOVE = YES;
				CLANG_WARN_UNGUARDED_AVAILABILITY = YES_AGGRESSIVE;
				CLANG_WARN_UNREACHABLE_CODE = YES;
				CLANG_WARN__DUPLICATE_METHOD_MATCH = YES;
				COPY_PHASE_STRIP = NO;
				DEBUG_INFORMATION_FORMAT = dwarf;
				ENABLE_STRICT_OBJC_MSGSEND = YES;
				ENABLE_TESTABILITY = YES;
				GCC_C_LANGUAGE_STANDARD = gnu11;
				GCC_DYNAMIC_NO_PIC = NO;
				GCC_NO_COMMON_BLOCKS = YES;
				GCC_OPTIMIZATION_LEVEL = 0;
				GCC_PREPROCESSOR_DEFINITIONS = (
					"DEBUG=1",
					"$(inherited)",
				);
				GCC_WARN_64_TO_32_BIT_CONVERSION = YES;
				GCC_WARN_ABOUT_RETURN_TYPE = YES_ERROR;
				GCC_WARN_UNDECLARED_SELECTOR = YES;
				GCC_WARN_UNINITIALIZED_AUTOS = YES_AGGRESSIVE;
				GCC_WARN_UNUSED_FUNCTION = YES;
				GCC_WARN_UNUSED_VARIABLE = YES;
				IPHONEOS_DEPLOYMENT_TARGET = 16.1;
				MTL_ENABLE_DEBUG_INFO = INCLUDE_SOURCE;
				MTL_FAST_MATH = YES;
				ONLY_ACTIVE_ARCH = YES;
				SDKROOT = iphoneos;
				SWIFT_ACTIVE_COMPILATION_CONDITIONS = DEBUG;
				SWIFT_OPTIMIZATION_LEVEL = "-Onone";
			};
			name = Debug;
		};
		CE73D1692839DF4E00B20D0D /* Release */ = {
			isa = XCBuildConfiguration;
			buildSettings = {
				ALWAYS_SEARCH_USER_PATHS = NO;
				CLANG_ANALYZER_NONNULL = YES;
				CLANG_ANALYZER_NUMBER_OBJECT_CONVERSION = YES_AGGRESSIVE;
				CLANG_CXX_LANGUAGE_STANDARD = "gnu++17";
				CLANG_CXX_LIBRARY = "libc++";
				CLANG_ENABLE_MODULES = YES;
				CLANG_ENABLE_OBJC_ARC = YES;
				CLANG_ENABLE_OBJC_WEAK = YES;
				CLANG_WARN_BLOCK_CAPTURE_AUTORELEASING = YES;
				CLANG_WARN_BOOL_CONVERSION = YES;
				CLANG_WARN_COMMA = YES;
				CLANG_WARN_CONSTANT_CONVERSION = YES;
				CLANG_WARN_DEPRECATED_OBJC_IMPLEMENTATIONS = YES;
				CLANG_WARN_DIRECT_OBJC_ISA_USAGE = YES_ERROR;
				CLANG_WARN_DOCUMENTATION_COMMENTS = YES;
				CLANG_WARN_EMPTY_BODY = YES;
				CLANG_WARN_ENUM_CONVERSION = YES;
				CLANG_WARN_INFINITE_RECURSION = YES;
				CLANG_WARN_INT_CONVERSION = YES;
				CLANG_WARN_NON_LITERAL_NULL_CONVERSION = YES;
				CLANG_WARN_OBJC_IMPLICIT_RETAIN_SELF = YES;
				CLANG_WARN_OBJC_LITERAL_CONVERSION = YES;
				CLANG_WARN_OBJC_ROOT_CLASS = YES_ERROR;
				CLANG_WARN_QUOTED_INCLUDE_IN_FRAMEWORK_HEADER = YES;
				CLANG_WARN_RANGE_LOOP_ANALYSIS = YES;
				CLANG_WARN_STRICT_PROTOTYPES = YES;
				CLANG_WARN_SUSPICIOUS_MOVE = YES;
				CLANG_WARN_UNGUARDED_AVAILABILITY = YES_AGGRESSIVE;
				CLANG_WARN_UNREACHABLE_CODE = YES;
				CLANG_WARN__DUPLICATE_METHOD_MATCH = YES;
				COPY_PHASE_STRIP = NO;
				DEBUG_INFORMATION_FORMAT = "dwarf-with-dsym";
				ENABLE_NS_ASSERTIONS = NO;
				ENABLE_STRICT_OBJC_MSGSEND = YES;
				GCC_C_LANGUAGE_STANDARD = gnu11;
				GCC_NO_COMMON_BLOCKS = YES;
				GCC_WARN_64_TO_32_BIT_CONVERSION = YES;
				GCC_WARN_ABOUT_RETURN_TYPE = YES_ERROR;
				GCC_WARN_UNDECLARED_SELECTOR = YES;
				GCC_WARN_UNINITIALIZED_AUTOS = YES_AGGRESSIVE;
				GCC_WARN_UNUSED_FUNCTION = YES;
				GCC_WARN_UNUSED_VARIABLE = YES;
				IPHONEOS_DEPLOYMENT_TARGET = 16.1;
				MTL_ENABLE_DEBUG_INFO = NO;
				MTL_FAST_MATH = YES;
				SDKROOT = iphoneos;
				SWIFT_COMPILATION_MODE = wholemodule;
				SWIFT_OPTIMIZATION_LEVEL = "-O";
				VALIDATE_PRODUCT = YES;
			};
			name = Release;
		};
		CE73D16B2839DF4E00B20D0D /* Debug */ = {
			isa = XCBuildConfiguration;
			buildSettings = {
				ALWAYS_EMBED_SWIFT_STANDARD_LIBRARIES = YES;
				ASSETCATALOG_COMPILER_APPICON_NAME = AppIcon;
				ASSETCATALOG_COMPILER_GLOBAL_ACCENT_COLOR_NAME = AccentColor;
				CODE_SIGN_ENTITLEMENTS = Positive/Positive.entitlements;
				CODE_SIGN_IDENTITY = "Apple Development";
				CODE_SIGN_STYLE = Automatic;
				CURRENT_PROJECT_VERSION = 2;
				DEVELOPMENT_TEAM = 7Y5RBD24LU;
				EXCLUDED_ARCHS = "";
				"EXCLUDED_ARCHS[sdk=*]" = x86_64;
				GENERATE_INFOPLIST_FILE = YES;
				INFOPLIST_FILE = Positive/Info.plist;
				INFOPLIST_KEY_CFBundleDisplayName = taffi;
				INFOPLIST_KEY_NSCameraUsageDescription = "アカウントを追加するために許可が必要です。";
				INFOPLIST_KEY_NSPhotoLibraryUsageDescription = "アカウントを追加するために許可が必要です。";
				INFOPLIST_KEY_UIApplicationSupportsIndirectInputEvents = YES;
				INFOPLIST_KEY_UILaunchStoryboardName = LaunchScreen;
				INFOPLIST_KEY_UIRequiresFullScreen = NO;
				INFOPLIST_KEY_UIStatusBarStyle = UIStatusBarStyleLightContent;
				INFOPLIST_KEY_UISupportedInterfaceOrientations_iPad = "UIInterfaceOrientationPortrait UIInterfaceOrientationPortraitUpsideDown UIInterfaceOrientationLandscapeLeft UIInterfaceOrientationLandscapeRight";
				INFOPLIST_KEY_UISupportedInterfaceOrientations_iPhone = "UIInterfaceOrientationPortrait UIInterfaceOrientationLandscapeLeft UIInterfaceOrientationLandscapeRight";
				INFOPLIST_KEY_UIUserInterfaceStyle = Light;
				IPHONEOS_DEPLOYMENT_TARGET = 16.1;
				LD_RUNPATH_SEARCH_PATHS = (
					"$(inherited)",
					"@executable_path/Frameworks",
				);
				MARKETING_VERSION = 1.1;
				ONLY_ACTIVE_ARCH = NO;
				PRODUCT_BUNDLE_IDENTIFIER = com.kiyono.Positive.taffi;
				PRODUCT_NAME = "$(TARGET_NAME)";
				PROVISIONING_PROFILE_SPECIFIER = "";
				SUPPORTED_PLATFORMS = "iphoneos iphonesimulator";
				SUPPORTS_MACCATALYST = NO;
				SUPPORTS_MAC_DESIGNED_FOR_IPHONE_IPAD = NO;
				SWIFT_EMIT_LOC_STRINGS = YES;
				SWIFT_VERSION = 5.0;
				TARGETED_DEVICE_FAMILY = 1;
			};
			name = Debug;
		};
		CE73D16C2839DF4E00B20D0D /* Release */ = {
			isa = XCBuildConfiguration;
			buildSettings = {
				ALWAYS_EMBED_SWIFT_STANDARD_LIBRARIES = YES;
				ASSETCATALOG_COMPILER_APPICON_NAME = AppIcon;
				ASSETCATALOG_COMPILER_GLOBAL_ACCENT_COLOR_NAME = AccentColor;
				CODE_SIGN_ENTITLEMENTS = Positive/PositiveRelease.entitlements;
				CODE_SIGN_IDENTITY = "Apple Development";
				CODE_SIGN_STYLE = Automatic;
				CURRENT_PROJECT_VERSION = 2;
				DEVELOPMENT_TEAM = 7Y5RBD24LU;
				EXCLUDED_ARCHS = "";
				"EXCLUDED_ARCHS[sdk=*]" = x86_64;
				GENERATE_INFOPLIST_FILE = YES;
				INFOPLIST_FILE = Positive/Info.plist;
				INFOPLIST_KEY_CFBundleDisplayName = taffi;
				INFOPLIST_KEY_NSCameraUsageDescription = "アカウントを追加するために許可が必要です。";
				INFOPLIST_KEY_NSPhotoLibraryUsageDescription = "アカウントを追加するために許可が必要です。";
				INFOPLIST_KEY_UIApplicationSupportsIndirectInputEvents = YES;
				INFOPLIST_KEY_UILaunchStoryboardName = LaunchScreen;
				INFOPLIST_KEY_UIRequiresFullScreen = NO;
				INFOPLIST_KEY_UIStatusBarStyle = UIStatusBarStyleLightContent;
				INFOPLIST_KEY_UISupportedInterfaceOrientations_iPad = "UIInterfaceOrientationPortrait UIInterfaceOrientationPortraitUpsideDown UIInterfaceOrientationLandscapeLeft UIInterfaceOrientationLandscapeRight";
				INFOPLIST_KEY_UISupportedInterfaceOrientations_iPhone = "UIInterfaceOrientationPortrait UIInterfaceOrientationLandscapeLeft UIInterfaceOrientationLandscapeRight";
				INFOPLIST_KEY_UIUserInterfaceStyle = Light;
				IPHONEOS_DEPLOYMENT_TARGET = 16.1;
				LD_RUNPATH_SEARCH_PATHS = (
					"$(inherited)",
					"@executable_path/Frameworks",
				);
				MARKETING_VERSION = 1.1;
				PRODUCT_BUNDLE_IDENTIFIER = com.kiyono.Positive.taffi;
				PRODUCT_NAME = "$(TARGET_NAME)";
				PROVISIONING_PROFILE_SPECIFIER = "";
				SUPPORTED_PLATFORMS = "iphoneos iphonesimulator";
				SUPPORTS_MACCATALYST = NO;
				SUPPORTS_MAC_DESIGNED_FOR_IPHONE_IPAD = NO;
				SWIFT_EMIT_LOC_STRINGS = YES;
				SWIFT_VERSION = 5.0;
				TARGETED_DEVICE_FAMILY = 1;
			};
			name = Release;
		};
		CECC28B628EB77B400219F98 /* Debug */ = {
			isa = XCBuildConfiguration;
			buildSettings = {
				ASSETCATALOG_COMPILER_GLOBAL_ACCENT_COLOR_NAME = AccentColor;
				ASSETCATALOG_COMPILER_WIDGET_BACKGROUND_COLOR_NAME = WidgetBackground;
				CODE_SIGN_ENTITLEMENTS = TaffiWidgetExtension.entitlements;
				CODE_SIGN_IDENTITY = "Apple Development";
				CODE_SIGN_STYLE = Automatic;
				CURRENT_PROJECT_VERSION = 2;
				DEVELOPMENT_TEAM = 7Y5RBD24LU;
				GENERATE_INFOPLIST_FILE = YES;
				INFOPLIST_FILE = TaffiWidget/Info.plist;
				INFOPLIST_KEY_CFBundleDisplayName = TaffiWidget;
				INFOPLIST_KEY_NSHumanReadableCopyright = "";
				IPHONEOS_DEPLOYMENT_TARGET = 15.5;
				LD_RUNPATH_SEARCH_PATHS = (
					"$(inherited)",
					"@executable_path/Frameworks",
					"@executable_path/../../Frameworks",
				);
				MARKETING_VERSION = 1.1;
				PRODUCT_BUNDLE_IDENTIFIER = com.kiyono.Positive.taffi.TaffiWidget;
				PRODUCT_NAME = "$(TARGET_NAME)";
				SKIP_INSTALL = YES;
				SWIFT_EMIT_LOC_STRINGS = YES;
				SWIFT_VERSION = 5.0;
				TARGETED_DEVICE_FAMILY = 1;
			};
			name = Debug;
		};
		CECC28B728EB77B400219F98 /* Release */ = {
			isa = XCBuildConfiguration;
			buildSettings = {
				ASSETCATALOG_COMPILER_GLOBAL_ACCENT_COLOR_NAME = AccentColor;
				ASSETCATALOG_COMPILER_WIDGET_BACKGROUND_COLOR_NAME = WidgetBackground;
				CODE_SIGN_ENTITLEMENTS = TaffiWidgetExtension.entitlements;
				CODE_SIGN_IDENTITY = "Apple Development";
				CODE_SIGN_STYLE = Automatic;
				CURRENT_PROJECT_VERSION = 2;
				DEVELOPMENT_TEAM = 7Y5RBD24LU;
				GENERATE_INFOPLIST_FILE = YES;
				INFOPLIST_FILE = TaffiWidget/Info.plist;
				INFOPLIST_KEY_CFBundleDisplayName = TaffiWidget;
				INFOPLIST_KEY_NSHumanReadableCopyright = "";
				IPHONEOS_DEPLOYMENT_TARGET = 15.5;
				LD_RUNPATH_SEARCH_PATHS = (
					"$(inherited)",
					"@executable_path/Frameworks",
					"@executable_path/../../Frameworks",
				);
				MARKETING_VERSION = 1.1;
				PRODUCT_BUNDLE_IDENTIFIER = com.kiyono.Positive.taffi.TaffiWidget;
				PRODUCT_NAME = "$(TARGET_NAME)";
				SKIP_INSTALL = YES;
				SWIFT_EMIT_LOC_STRINGS = YES;
				SWIFT_VERSION = 5.0;
				TARGETED_DEVICE_FAMILY = 1;
			};
			name = Release;
		};
/* End XCBuildConfiguration section */

/* Begin XCConfigurationList section */
		CE73D1512839DF4C00B20D0D /* Build configuration list for PBXProject "Positive" */ = {
			isa = XCConfigurationList;
			buildConfigurations = (
				CE73D1682839DF4E00B20D0D /* Debug */,
				CE73D1692839DF4E00B20D0D /* Release */,
			);
			defaultConfigurationIsVisible = 0;
			defaultConfigurationName = Release;
		};
		CE73D16A2839DF4E00B20D0D /* Build configuration list for PBXNativeTarget "Positive" */ = {
			isa = XCConfigurationList;
			buildConfigurations = (
				CE73D16B2839DF4E00B20D0D /* Debug */,
				CE73D16C2839DF4E00B20D0D /* Release */,
			);
			defaultConfigurationIsVisible = 0;
			defaultConfigurationName = Release;
		};
		CECC28B528EB77B400219F98 /* Build configuration list for PBXNativeTarget "TaffiWidgetExtension" */ = {
			isa = XCConfigurationList;
			buildConfigurations = (
				CECC28B628EB77B400219F98 /* Debug */,
				CECC28B728EB77B400219F98 /* Release */,
			);
			defaultConfigurationIsVisible = 0;
			defaultConfigurationName = Release;
		};
/* End XCConfigurationList section */

/* Begin XCRemoteSwiftPackageReference section */
		CEDA1BD928BA5DC400D07A53 /* XCRemoteSwiftPackageReference "firebase-ios-sdk" */ = {
			isa = XCRemoteSwiftPackageReference;
			repositoryURL = "https://github.com/firebase/firebase-ios-sdk";
			requirement = {
				kind = upToNextMajorVersion;
				minimumVersion = 9.0.0;
			};
		};
		CEDA1BE428BA5E2A00D07A53 /* XCRemoteSwiftPackageReference "Alamofire" */ = {
			isa = XCRemoteSwiftPackageReference;
			repositoryURL = "https://github.com/Alamofire/Alamofire.git";
			requirement = {
				kind = upToNextMajorVersion;
				minimumVersion = 5.0.0;
			};
		};
		CEDA1BE728BA5E5F00D07A53 /* XCRemoteSwiftPackageReference "FSCalendar" */ = {
			isa = XCRemoteSwiftPackageReference;
			repositoryURL = "https://github.com/WenchaoD/FSCalendar.git";
			requirement = {
				kind = upToNextMajorVersion;
				minimumVersion = 2.0.0;
			};
		};
/* End XCRemoteSwiftPackageReference section */

/* Begin XCSwiftPackageProductDependency section */
		CECC28B828EB77DC00219F98 /* FirebaseAuth */ = {
			isa = XCSwiftPackageProductDependency;
			package = CEDA1BD928BA5DC400D07A53 /* XCRemoteSwiftPackageReference "firebase-ios-sdk" */;
			productName = FirebaseAuth;
		};
		CECC28BA28EB77ED00219F98 /* FirebaseFirestore */ = {
			isa = XCSwiftPackageProductDependency;
			package = CEDA1BD928BA5DC400D07A53 /* XCRemoteSwiftPackageReference "firebase-ios-sdk" */;
			productName = FirebaseFirestore;
		};
		CECC28BC28EB77F900219F98 /* FirebaseAnalytics */ = {
			isa = XCSwiftPackageProductDependency;
			package = CEDA1BD928BA5DC400D07A53 /* XCRemoteSwiftPackageReference "firebase-ios-sdk" */;
			productName = FirebaseAnalytics;
		};
		CEDA1BDA28BA5DC400D07A53 /* FirebaseAnalytics */ = {
			isa = XCSwiftPackageProductDependency;
			package = CEDA1BD928BA5DC400D07A53 /* XCRemoteSwiftPackageReference "firebase-ios-sdk" */;
			productName = FirebaseAnalytics;
		};
		CEDA1BDC28BA5DC400D07A53 /* FirebaseAuth */ = {
			isa = XCSwiftPackageProductDependency;
			package = CEDA1BD928BA5DC400D07A53 /* XCRemoteSwiftPackageReference "firebase-ios-sdk" */;
			productName = FirebaseAuth;
		};
		CEDA1BDE28BA5DC400D07A53 /* FirebaseFirestore */ = {
			isa = XCSwiftPackageProductDependency;
			package = CEDA1BD928BA5DC400D07A53 /* XCRemoteSwiftPackageReference "firebase-ios-sdk" */;
			productName = FirebaseFirestore;
		};
		CEDA1BE028BA5DC400D07A53 /* FirebaseFirestoreSwift */ = {
			isa = XCSwiftPackageProductDependency;
			package = CEDA1BD928BA5DC400D07A53 /* XCRemoteSwiftPackageReference "firebase-ios-sdk" */;
			productName = FirebaseFirestoreSwift;
		};
		CEDA1BE228BA5DC400D07A53 /* FirebaseStorage */ = {
			isa = XCSwiftPackageProductDependency;
			package = CEDA1BD928BA5DC400D07A53 /* XCRemoteSwiftPackageReference "firebase-ios-sdk" */;
			productName = FirebaseStorage;
		};
		CEDA1BE528BA5E2A00D07A53 /* Alamofire */ = {
			isa = XCSwiftPackageProductDependency;
			package = CEDA1BE428BA5E2A00D07A53 /* XCRemoteSwiftPackageReference "Alamofire" */;
			productName = Alamofire;
		};
		CEDA1BE828BA5E5F00D07A53 /* FSCalendar */ = {
			isa = XCSwiftPackageProductDependency;
			package = CEDA1BE728BA5E5F00D07A53 /* XCRemoteSwiftPackageReference "FSCalendar" */;
			productName = FSCalendar;
		};
/* End XCSwiftPackageProductDependency section */
	};
	rootObject = CE73D14E2839DF4C00B20D0D /* Project object */;
}
