// !$*UTF8*$!
{
	archiveVersion = 1;
	classes = {
	};
	objectVersion = 55;
	objects = {

/* Begin PBXBuildFile section */
		0A2F724AABFBAD9DB22B1DCD /* Pods_Positive.framework in Frameworks */ = {isa = PBXBuildFile; fileRef = FD209406F6D8EAB4B1C9C358 /* Pods_Positive.framework */; };
		CE0595FA288E82950066E327 /* ShareCollectionViewCell.swift in Sources */ = {isa = PBXBuildFile; fileRef = CE0595F8288E82950066E327 /* ShareCollectionViewCell.swift */; };
		CE0595FB288E82950066E327 /* ShareCollectionViewCell.xib in Resources */ = {isa = PBXBuildFile; fileRef = CE0595F9288E82950066E327 /* ShareCollectionViewCell.xib */; };
		CE3E7834288C40A000548FFD /* TabBar.swift in Sources */ = {isa = PBXBuildFile; fileRef = CE3E7833288C40A000548FFD /* TabBar.swift */; };
		CE73D15A2839DF4C00B20D0D /* AppDelegate.swift in Sources */ = {isa = PBXBuildFile; fileRef = CE73D1592839DF4C00B20D0D /* AppDelegate.swift */; };
		CE73D15C2839DF4C00B20D0D /* SceneDelegate.swift in Sources */ = {isa = PBXBuildFile; fileRef = CE73D15B2839DF4C00B20D0D /* SceneDelegate.swift */; };
		CE73D15E2839DF4C00B20D0D /* ViewController.swift in Sources */ = {isa = PBXBuildFile; fileRef = CE73D15D2839DF4C00B20D0D /* ViewController.swift */; };
		CE73D1612839DF4C00B20D0D /* Main.storyboard in Resources */ = {isa = PBXBuildFile; fileRef = CE73D15F2839DF4C00B20D0D /* Main.storyboard */; };
		CE73D1632839DF4E00B20D0D /* Assets.xcassets in Resources */ = {isa = PBXBuildFile; fileRef = CE73D1622839DF4E00B20D0D /* Assets.xcassets */; };
		CE73D1662839DF4E00B20D0D /* LaunchScreen.storyboard in Resources */ = {isa = PBXBuildFile; fileRef = CE73D1642839DF4E00B20D0D /* LaunchScreen.storyboard */; };
		CE73D16E2839F62600B20D0D /* HomeViewController.swift in Sources */ = {isa = PBXBuildFile; fileRef = CE73D16D2839F62600B20D0D /* HomeViewController.swift */; };
		CE73D1702839F8AE00B20D0D /* CalendarViewController.swift in Sources */ = {isa = PBXBuildFile; fileRef = CE73D16F2839F8AE00B20D0D /* CalendarViewController.swift */; };
		CE7A58BB289AC3B200AD3946 /* APIClient.swift in Sources */ = {isa = PBXBuildFile; fileRef = CE7A58BA289AC3B200AD3946 /* APIClient.swift */; };
		CE7A58C2289E1D5000AD3946 /* DataModel.swift in Sources */ = {isa = PBXBuildFile; fileRef = CE7A58C1289E1D5000AD3946 /* DataModel.swift */; };
		CE80C15728716EF9000646B2 /* Goal.swift in Sources */ = {isa = PBXBuildFile; fileRef = CE80C15628716EF9000646B2 /* Goal.swift */; };
		CEACDF50289571AF0005F4A6 /* ReviewViewController.swift in Sources */ = {isa = PBXBuildFile; fileRef = CEACDF4F289571AF0005F4A6 /* ReviewViewController.swift */; };
		CEAE56B028962D00002DBEA2 /* MyTargetTableViewCell.swift in Sources */ = {isa = PBXBuildFile; fileRef = CEAE56AE28962D00002DBEA2 /* MyTargetTableViewCell.swift */; };
		CEAE56B128962D00002DBEA2 /* MyTargetTableViewCell.xib in Resources */ = {isa = PBXBuildFile; fileRef = CEAE56AF28962D00002DBEA2 /* MyTargetTableViewCell.xib */; };
		CEAE56B42896BC91002DBEA2 /* HomeTableViewCell.swift in Sources */ = {isa = PBXBuildFile; fileRef = CEAE56B22896BC91002DBEA2 /* HomeTableViewCell.swift */; };
		CEAE56B52896BC91002DBEA2 /* HomeTableViewCell.xib in Resources */ = {isa = PBXBuildFile; fileRef = CEAE56B32896BC91002DBEA2 /* HomeTableViewCell.xib */; };
		CEAE56B82896BF88002DBEA2 /* FriendsTargetTableViewCell.swift in Sources */ = {isa = PBXBuildFile; fileRef = CEAE56B62896BF88002DBEA2 /* FriendsTargetTableViewCell.swift */; };
		CEAE56B92896BF88002DBEA2 /* FriendsTargetTableViewCell.xib in Resources */ = {isa = PBXBuildFile; fileRef = CEAE56B72896BF88002DBEA2 /* FriendsTargetTableViewCell.xib */; };
		CEAE56BD289746DB002DBEA2 /* InnerCollectionViewCell.xib in Resources */ = {isa = PBXBuildFile; fileRef = CEAE56BB289746DB002DBEA2 /* InnerCollectionViewCell.xib */; };
		CEAE56BF28974864002DBEA2 /* InnerCollectionViewCell.swift in Sources */ = {isa = PBXBuildFile; fileRef = CEAE56BE28974864002DBEA2 /* InnerCollectionViewCell.swift */; };
		CEAE56C4289766FB002DBEA2 /* FriendsInnerCollectionViewCell.swift in Sources */ = {isa = PBXBuildFile; fileRef = CEAE56C2289766FB002DBEA2 /* FriendsInnerCollectionViewCell.swift */; };
		CEAE56C5289766FB002DBEA2 /* FriendsInnerCollectionViewCell.xib in Resources */ = {isa = PBXBuildFile; fileRef = CEAE56C3289766FB002DBEA2 /* FriendsInnerCollectionViewCell.xib */; };
		CEB475492859220A002654E6 /* LogInViewController.swift in Sources */ = {isa = PBXBuildFile; fileRef = CEB475482859220A002654E6 /* LogInViewController.swift */; };
		CEB4754B2859F894002654E6 /* AccountViewController.swift in Sources */ = {isa = PBXBuildFile; fileRef = CEB4754A2859F894002654E6 /* AccountViewController.swift */; };
		CEB4755B285F65CD002654E6 /* QuestionViewController.swift in Sources */ = {isa = PBXBuildFile; fileRef = CEB4755A285F65CD002654E6 /* QuestionViewController.swift */; };
		CEB47562285F6981002654E6 /* QuestionTableViewCell.swift in Sources */ = {isa = PBXBuildFile; fileRef = CEB47560285F6981002654E6 /* QuestionTableViewCell.swift */; };
		CEB47563285F6981002654E6 /* QuestionTableViewCell.xib in Resources */ = {isa = PBXBuildFile; fileRef = CEB47561285F6981002654E6 /* QuestionTableViewCell.xib */; };
		CEB47566286B499C002654E6 /* CalendarTargetCollectionViewCell.swift in Sources */ = {isa = PBXBuildFile; fileRef = CEB47564286B499C002654E6 /* CalendarTargetCollectionViewCell.swift */; };
		CEB47567286B499C002654E6 /* CalendarTargetCollectionViewCell.xib in Resources */ = {isa = PBXBuildFile; fileRef = CEB47565286B499C002654E6 /* CalendarTargetCollectionViewCell.xib */; };
		CEB4756B28713450002654E6 /* MakeTargetViewController.swift in Sources */ = {isa = PBXBuildFile; fileRef = CEB4756A28713450002654E6 /* MakeTargetViewController.swift */; };
		CEB4757228713863002654E6 /* MakeTargetTableViewCell.swift in Sources */ = {isa = PBXBuildFile; fileRef = CEB4757028713863002654E6 /* MakeTargetTableViewCell.swift */; };
		CEB4757328713863002654E6 /* MakeTargetTableViewCell.xib in Resources */ = {isa = PBXBuildFile; fileRef = CEB4757128713863002654E6 /* MakeTargetTableViewCell.xib */; };
		CEB4757628713986002654E6 /* ImportanceTableViewCell.swift in Sources */ = {isa = PBXBuildFile; fileRef = CEB4757428713986002654E6 /* ImportanceTableViewCell.swift */; };
		CEB4757728713986002654E6 /* ImportanceTableViewCell.xib in Resources */ = {isa = PBXBuildFile; fileRef = CEB4757528713986002654E6 /* ImportanceTableViewCell.xib */; };
		CEB4757E28713B11002654E6 /* DateTargetTableViewCell.swift in Sources */ = {isa = PBXBuildFile; fileRef = CEB4757C28713B11002654E6 /* DateTargetTableViewCell.swift */; };
		CEB4757F28713B11002654E6 /* DateTargetTableViewCell.xib in Resources */ = {isa = PBXBuildFile; fileRef = CEB4757D28713B11002654E6 /* DateTargetTableViewCell.xib */; };
		CEC6855A28AFDA11007C0967 /* Review.swift in Sources */ = {isa = PBXBuildFile; fileRef = CEC6855928AFDA11007C0967 /* Review.swift */; };
		CEC6855C28B0B3C6007C0967 /* Alert.swift in Sources */ = {isa = PBXBuildFile; fileRef = CEC6855B28B0B3C5007C0967 /* Alert.swift */; };
		CEC6855E28B12617007C0967 /* ReframingViewController.swift in Sources */ = {isa = PBXBuildFile; fileRef = CEC6855D28B12617007C0967 /* ReframingViewController.swift */; };
		CEEE82B42847A99A00732497 /* SignUpViewController.swift in Sources */ = {isa = PBXBuildFile; fileRef = CEEE82B32847A99A00732497 /* SignUpViewController.swift */; };
		CEEE82B8284B6A4400732497 /* TabBarViewController.swift in Sources */ = {isa = PBXBuildFile; fileRef = CEEE82B7284B6A4400732497 /* TabBarViewController.swift */; };
		CEEE82BA284B911600732497 /* GoogleService-Info.plist in Resources */ = {isa = PBXBuildFile; fileRef = CEEE82B9284B911500732497 /* GoogleService-Info.plist */; };
		CEF21595288ED36900E71E5C /* ShareViewController.swift in Sources */ = {isa = PBXBuildFile; fileRef = CEF21594288ED36900E71E5C /* ShareViewController.swift */; };
/* End PBXBuildFile section */

/* Begin PBXFileReference section */
		C07CA5A68ADB0DFDE8C95F9D /* Pods-Positive.release.xcconfig */ = {isa = PBXFileReference; includeInIndex = 1; lastKnownFileType = text.xcconfig; name = "Pods-Positive.release.xcconfig"; path = "Target Support Files/Pods-Positive/Pods-Positive.release.xcconfig"; sourceTree = "<group>"; };
		CE0595F8288E82950066E327 /* ShareCollectionViewCell.swift */ = {isa = PBXFileReference; lastKnownFileType = sourcecode.swift; path = ShareCollectionViewCell.swift; sourceTree = "<group>"; };
		CE0595F9288E82950066E327 /* ShareCollectionViewCell.xib */ = {isa = PBXFileReference; lastKnownFileType = file.xib; path = ShareCollectionViewCell.xib; sourceTree = "<group>"; };
		CE3E7833288C40A000548FFD /* TabBar.swift */ = {isa = PBXFileReference; lastKnownFileType = sourcecode.swift; path = TabBar.swift; sourceTree = "<group>"; };
		CE73D1562839DF4C00B20D0D /* Positive.app */ = {isa = PBXFileReference; explicitFileType = wrapper.application; includeInIndex = 0; path = Positive.app; sourceTree = BUILT_PRODUCTS_DIR; };
		CE73D1592839DF4C00B20D0D /* AppDelegate.swift */ = {isa = PBXFileReference; lastKnownFileType = sourcecode.swift; path = AppDelegate.swift; sourceTree = "<group>"; };
		CE73D15B2839DF4C00B20D0D /* SceneDelegate.swift */ = {isa = PBXFileReference; lastKnownFileType = sourcecode.swift; path = SceneDelegate.swift; sourceTree = "<group>"; };
		CE73D15D2839DF4C00B20D0D /* ViewController.swift */ = {isa = PBXFileReference; lastKnownFileType = sourcecode.swift; path = ViewController.swift; sourceTree = "<group>"; };
		CE73D1602839DF4C00B20D0D /* Base */ = {isa = PBXFileReference; lastKnownFileType = file.storyboard; name = Base; path = Base.lproj/Main.storyboard; sourceTree = "<group>"; };
		CE73D1622839DF4E00B20D0D /* Assets.xcassets */ = {isa = PBXFileReference; lastKnownFileType = folder.assetcatalog; name = Assets.xcassets; path = /Users/oosawakiyono/Desktop/Positive/Positive/Assets.xcassets; sourceTree = "<absolute>"; };
		CE73D1652839DF4E00B20D0D /* Base */ = {isa = PBXFileReference; lastKnownFileType = file.storyboard; name = Base; path = Base.lproj/LaunchScreen.storyboard; sourceTree = "<group>"; };
		CE73D1672839DF4E00B20D0D /* Info.plist */ = {isa = PBXFileReference; lastKnownFileType = text.plist.xml; path = Info.plist; sourceTree = "<group>"; };
		CE73D16D2839F62600B20D0D /* HomeViewController.swift */ = {isa = PBXFileReference; lastKnownFileType = sourcecode.swift; path = HomeViewController.swift; sourceTree = "<group>"; };
		CE73D16F2839F8AE00B20D0D /* CalendarViewController.swift */ = {isa = PBXFileReference; lastKnownFileType = sourcecode.swift; path = CalendarViewController.swift; sourceTree = "<group>"; };
		CE7A58BA289AC3B200AD3946 /* APIClient.swift */ = {isa = PBXFileReference; lastKnownFileType = sourcecode.swift; path = APIClient.swift; sourceTree = "<group>"; };
		CE7A58C1289E1D5000AD3946 /* DataModel.swift */ = {isa = PBXFileReference; lastKnownFileType = sourcecode.swift; path = DataModel.swift; sourceTree = "<group>"; };
		CE80C15628716EF9000646B2 /* Goal.swift */ = {isa = PBXFileReference; lastKnownFileType = sourcecode.swift; path = Goal.swift; sourceTree = "<group>"; };
		CEACDF4F289571AF0005F4A6 /* ReviewViewController.swift */ = {isa = PBXFileReference; lastKnownFileType = sourcecode.swift; path = ReviewViewController.swift; sourceTree = "<group>"; };
		CEAE56AE28962D00002DBEA2 /* MyTargetTableViewCell.swift */ = {isa = PBXFileReference; lastKnownFileType = sourcecode.swift; path = MyTargetTableViewCell.swift; sourceTree = "<group>"; };
		CEAE56AF28962D00002DBEA2 /* MyTargetTableViewCell.xib */ = {isa = PBXFileReference; lastKnownFileType = file.xib; path = MyTargetTableViewCell.xib; sourceTree = "<group>"; };
		CEAE56B22896BC91002DBEA2 /* HomeTableViewCell.swift */ = {isa = PBXFileReference; lastKnownFileType = sourcecode.swift; path = HomeTableViewCell.swift; sourceTree = "<group>"; };
		CEAE56B32896BC91002DBEA2 /* HomeTableViewCell.xib */ = {isa = PBXFileReference; lastKnownFileType = file.xib; path = HomeTableViewCell.xib; sourceTree = "<group>"; };
		CEAE56B62896BF88002DBEA2 /* FriendsTargetTableViewCell.swift */ = {isa = PBXFileReference; lastKnownFileType = sourcecode.swift; path = FriendsTargetTableViewCell.swift; sourceTree = "<group>"; };
		CEAE56B72896BF88002DBEA2 /* FriendsTargetTableViewCell.xib */ = {isa = PBXFileReference; lastKnownFileType = file.xib; path = FriendsTargetTableViewCell.xib; sourceTree = "<group>"; };
		CEAE56BB289746DB002DBEA2 /* InnerCollectionViewCell.xib */ = {isa = PBXFileReference; lastKnownFileType = file.xib; path = InnerCollectionViewCell.xib; sourceTree = "<group>"; };
		CEAE56BE28974864002DBEA2 /* InnerCollectionViewCell.swift */ = {isa = PBXFileReference; lastKnownFileType = sourcecode.swift; path = InnerCollectionViewCell.swift; sourceTree = "<group>"; };
		CEAE56C2289766FB002DBEA2 /* FriendsInnerCollectionViewCell.swift */ = {isa = PBXFileReference; lastKnownFileType = sourcecode.swift; path = FriendsInnerCollectionViewCell.swift; sourceTree = "<group>"; };
		CEAE56C3289766FB002DBEA2 /* FriendsInnerCollectionViewCell.xib */ = {isa = PBXFileReference; lastKnownFileType = file.xib; path = FriendsInnerCollectionViewCell.xib; sourceTree = "<group>"; };
		CEB475482859220A002654E6 /* LogInViewController.swift */ = {isa = PBXFileReference; lastKnownFileType = sourcecode.swift; path = LogInViewController.swift; sourceTree = "<group>"; };
		CEB4754A2859F894002654E6 /* AccountViewController.swift */ = {isa = PBXFileReference; lastKnownFileType = sourcecode.swift; path = AccountViewController.swift; sourceTree = "<group>"; };
		CEB4755A285F65CD002654E6 /* QuestionViewController.swift */ = {isa = PBXFileReference; lastKnownFileType = sourcecode.swift; path = QuestionViewController.swift; sourceTree = "<group>"; };
		CEB47560285F6981002654E6 /* QuestionTableViewCell.swift */ = {isa = PBXFileReference; lastKnownFileType = sourcecode.swift; path = QuestionTableViewCell.swift; sourceTree = "<group>"; };
		CEB47561285F6981002654E6 /* QuestionTableViewCell.xib */ = {isa = PBXFileReference; lastKnownFileType = file.xib; path = QuestionTableViewCell.xib; sourceTree = "<group>"; };
		CEB47564286B499C002654E6 /* CalendarTargetCollectionViewCell.swift */ = {isa = PBXFileReference; lastKnownFileType = sourcecode.swift; path = CalendarTargetCollectionViewCell.swift; sourceTree = "<group>"; };
		CEB47565286B499C002654E6 /* CalendarTargetCollectionViewCell.xib */ = {isa = PBXFileReference; lastKnownFileType = file.xib; path = CalendarTargetCollectionViewCell.xib; sourceTree = "<group>"; };
		CEB4756A28713450002654E6 /* MakeTargetViewController.swift */ = {isa = PBXFileReference; lastKnownFileType = sourcecode.swift; path = MakeTargetViewController.swift; sourceTree = "<group>"; };
		CEB4757028713863002654E6 /* MakeTargetTableViewCell.swift */ = {isa = PBXFileReference; lastKnownFileType = sourcecode.swift; path = MakeTargetTableViewCell.swift; sourceTree = "<group>"; };
		CEB4757128713863002654E6 /* MakeTargetTableViewCell.xib */ = {isa = PBXFileReference; lastKnownFileType = file.xib; path = MakeTargetTableViewCell.xib; sourceTree = "<group>"; };
		CEB4757428713986002654E6 /* ImportanceTableViewCell.swift */ = {isa = PBXFileReference; lastKnownFileType = sourcecode.swift; path = ImportanceTableViewCell.swift; sourceTree = "<group>"; };
		CEB4757528713986002654E6 /* ImportanceTableViewCell.xib */ = {isa = PBXFileReference; lastKnownFileType = file.xib; path = ImportanceTableViewCell.xib; sourceTree = "<group>"; };
		CEB4757C28713B11002654E6 /* DateTargetTableViewCell.swift */ = {isa = PBXFileReference; lastKnownFileType = sourcecode.swift; path = DateTargetTableViewCell.swift; sourceTree = "<group>"; };
		CEB4757D28713B11002654E6 /* DateTargetTableViewCell.xib */ = {isa = PBXFileReference; lastKnownFileType = file.xib; path = DateTargetTableViewCell.xib; sourceTree = "<group>"; };
		CEC6855928AFDA11007C0967 /* Review.swift */ = {isa = PBXFileReference; lastKnownFileType = sourcecode.swift; path = Review.swift; sourceTree = "<group>"; };
		CEC6855B28B0B3C5007C0967 /* Alert.swift */ = {isa = PBXFileReference; lastKnownFileType = sourcecode.swift; path = Alert.swift; sourceTree = "<group>"; };
		CEC6855D28B12617007C0967 /* ReframingViewController.swift */ = {isa = PBXFileReference; lastKnownFileType = sourcecode.swift; path = ReframingViewController.swift; sourceTree = "<group>"; };
		CEEE82B32847A99A00732497 /* SignUpViewController.swift */ = {isa = PBXFileReference; lastKnownFileType = sourcecode.swift; path = SignUpViewController.swift; sourceTree = "<group>"; };
		CEEE82B7284B6A4400732497 /* TabBarViewController.swift */ = {isa = PBXFileReference; lastKnownFileType = sourcecode.swift; path = TabBarViewController.swift; sourceTree = "<group>"; };
		CEEE82B9284B911500732497 /* GoogleService-Info.plist */ = {isa = PBXFileReference; fileEncoding = 4; lastKnownFileType = text.plist.xml; name = "GoogleService-Info.plist"; path = "../../../Downloads/GoogleService-Info.plist"; sourceTree = "<group>"; };
		CEF21594288ED36900E71E5C /* ShareViewController.swift */ = {isa = PBXFileReference; lastKnownFileType = sourcecode.swift; path = ShareViewController.swift; sourceTree = "<group>"; };
		F29FE63471133EAD6DACB805 /* Pods-Positive.debug.xcconfig */ = {isa = PBXFileReference; includeInIndex = 1; lastKnownFileType = text.xcconfig; name = "Pods-Positive.debug.xcconfig"; path = "Target Support Files/Pods-Positive/Pods-Positive.debug.xcconfig"; sourceTree = "<group>"; };
		FD209406F6D8EAB4B1C9C358 /* Pods_Positive.framework */ = {isa = PBXFileReference; explicitFileType = wrapper.framework; includeInIndex = 0; path = Pods_Positive.framework; sourceTree = BUILT_PRODUCTS_DIR; };
/* End PBXFileReference section */

/* Begin PBXFrameworksBuildPhase section */
		CE73D1532839DF4C00B20D0D /* Frameworks */ = {
			isa = PBXFrameworksBuildPhase;
			buildActionMask = 2147483647;
			files = (
				0A2F724AABFBAD9DB22B1DCD /* Pods_Positive.framework in Frameworks */,
			);
			runOnlyForDeploymentPostprocessing = 0;
		};
/* End PBXFrameworksBuildPhase section */

/* Begin PBXGroup section */
		812D2D2DE70A75520B83F103 /* Pods */ = {
			isa = PBXGroup;
			children = (
				F29FE63471133EAD6DACB805 /* Pods-Positive.debug.xcconfig */,
				C07CA5A68ADB0DFDE8C95F9D /* Pods-Positive.release.xcconfig */,
			);
			path = Pods;
			sourceTree = "<group>";
		};
		C3278182D79C017D0B74DA11 /* Frameworks */ = {
			isa = PBXGroup;
			children = (
				FD209406F6D8EAB4B1C9C358 /* Pods_Positive.framework */,
			);
			name = Frameworks;
			sourceTree = "<group>";
		};
		CE6488E0287169DD0054408F /* MakeTargetViewItems */ = {
			isa = PBXGroup;
			children = (
				CEB4757C28713B11002654E6 /* DateTargetTableViewCell.swift */,
				CEB4757D28713B11002654E6 /* DateTargetTableViewCell.xib */,
				CEB4757428713986002654E6 /* ImportanceTableViewCell.swift */,
				CEB4757528713986002654E6 /* ImportanceTableViewCell.xib */,
				CEB4757028713863002654E6 /* MakeTargetTableViewCell.swift */,
				CEB4757128713863002654E6 /* MakeTargetTableViewCell.xib */,
			);
			path = MakeTargetViewItems;
			sourceTree = "<group>";
		};
		CE73D14D2839DF4C00B20D0D = {
			isa = PBXGroup;
			children = (
				CE73D1582839DF4C00B20D0D /* Positive */,
				CE73D1572839DF4C00B20D0D /* Products */,
				812D2D2DE70A75520B83F103 /* Pods */,
				C3278182D79C017D0B74DA11 /* Frameworks */,
			);
			sourceTree = "<group>";
		};
		CE73D1572839DF4C00B20D0D /* Products */ = {
			isa = PBXGroup;
			children = (
				CE73D1562839DF4C00B20D0D /* Positive.app */,
			);
			name = Products;
			sourceTree = "<group>";
		};
		CE73D1582839DF4C00B20D0D /* Positive */ = {
			isa = PBXGroup;
			children = (
				CE73D1592839DF4C00B20D0D /* AppDelegate.swift */,
				CE73D15B2839DF4C00B20D0D /* SceneDelegate.swift */,
				CE73D15D2839DF4C00B20D0D /* ViewController.swift */,
				CEEE82B7284B6A4400732497 /* TabBarViewController.swift */,
				CE3E7833288C40A000548FFD /* TabBar.swift */,
				CE7A58BA289AC3B200AD3946 /* APIClient.swift */,
				CE80C15628716EF9000646B2 /* Goal.swift */,
				CE7A58C1289E1D5000AD3946 /* DataModel.swift */,
				CEEE82B32847A99A00732497 /* SignUpViewController.swift */,
				CEB475482859220A002654E6 /* LogInViewController.swift */,
				CE73D16D2839F62600B20D0D /* HomeViewController.swift */,
				CEB4755A285F65CD002654E6 /* QuestionViewController.swift */,
				CEB4756A28713450002654E6 /* MakeTargetViewController.swift */,
				CE73D16F2839F8AE00B20D0D /* CalendarViewController.swift */,
				CEACDF4F289571AF0005F4A6 /* ReviewViewController.swift */,
				CEC6855928AFDA11007C0967 /* Review.swift */,
				CEC6855B28B0B3C5007C0967 /* Alert.swift */,
				CEC6855D28B12617007C0967 /* ReframingViewController.swift */,
				CEF21594288ED36900E71E5C /* ShareViewController.swift */,
				CEB4754A2859F894002654E6 /* AccountViewController.swift */,
				CE73D15F2839DF4C00B20D0D /* Main.storyboard */,
				CE73D1622839DF4E00B20D0D /* Assets.xcassets */,
				CE6488E0287169DD0054408F /* MakeTargetViewItems */,
				CEAE56C128975FA9002DBEA2 /* HomeViewItems */,
				CEB47560285F6981002654E6 /* QuestionTableViewCell.swift */,
				CEB47561285F6981002654E6 /* QuestionTableViewCell.xib */,
				CEB47564286B499C002654E6 /* CalendarTargetCollectionViewCell.swift */,
				CEB47565286B499C002654E6 /* CalendarTargetCollectionViewCell.xib */,
				CE0595F8288E82950066E327 /* ShareCollectionViewCell.swift */,
				CE0595F9288E82950066E327 /* ShareCollectionViewCell.xib */,
				CE73D1642839DF4E00B20D0D /* LaunchScreen.storyboard */,
				CEEE82B9284B911500732497 /* GoogleService-Info.plist */,
				CE73D1672839DF4E00B20D0D /* Info.plist */,
			);
			path = Positive;
			sourceTree = "<group>";
		};
		CEAE56C128975FA9002DBEA2 /* HomeViewItems */ = {
			isa = PBXGroup;
			children = (
				CEAE56BE28974864002DBEA2 /* InnerCollectionViewCell.swift */,
				CEAE56BB289746DB002DBEA2 /* InnerCollectionViewCell.xib */,
				CEAE56AE28962D00002DBEA2 /* MyTargetTableViewCell.swift */,
				CEAE56AF28962D00002DBEA2 /* MyTargetTableViewCell.xib */,
				CEAE56B22896BC91002DBEA2 /* HomeTableViewCell.swift */,
				CEAE56B32896BC91002DBEA2 /* HomeTableViewCell.xib */,
				CEAE56C2289766FB002DBEA2 /* FriendsInnerCollectionViewCell.swift */,
				CEAE56C3289766FB002DBEA2 /* FriendsInnerCollectionViewCell.xib */,
				CEAE56B62896BF88002DBEA2 /* FriendsTargetTableViewCell.swift */,
				CEAE56B72896BF88002DBEA2 /* FriendsTargetTableViewCell.xib */,
			);
			path = HomeViewItems;
			sourceTree = "<group>";
		};
/* End PBXGroup section */

/* Begin PBXNativeTarget section */
		CE73D1552839DF4C00B20D0D /* Positive */ = {
			isa = PBXNativeTarget;
			buildConfigurationList = CE73D16A2839DF4E00B20D0D /* Build configuration list for PBXNativeTarget "Positive" */;
			buildPhases = (
				9A943E0287A23FD824F192BE /* [CP] Check Pods Manifest.lock */,
				CE73D1522839DF4C00B20D0D /* Sources */,
				CE73D1532839DF4C00B20D0D /* Frameworks */,
				CE73D1542839DF4C00B20D0D /* Resources */,
				9599EE606A368643550B2A81 /* [CP] Embed Pods Frameworks */,
			);
			buildRules = (
			);
			dependencies = (
			);
			name = Positive;
			productName = Positive;
			productReference = CE73D1562839DF4C00B20D0D /* Positive.app */;
			productType = "com.apple.product-type.application";
		};
/* End PBXNativeTarget section */

/* Begin PBXProject section */
		CE73D14E2839DF4C00B20D0D /* Project object */ = {
			isa = PBXProject;
			attributes = {
				BuildIndependentTargetsInParallel = 1;
				LastSwiftUpdateCheck = 1320;
				LastUpgradeCheck = 1320;
				TargetAttributes = {
					CE73D1552839DF4C00B20D0D = {
						CreatedOnToolsVersion = 13.2.1;
					};
				};
			};
			buildConfigurationList = CE73D1512839DF4C00B20D0D /* Build configuration list for PBXProject "Positive" */;
			compatibilityVersion = "Xcode 13.0";
			developmentRegion = en;
			hasScannedForEncodings = 0;
			knownRegions = (
				en,
				Base,
			);
			mainGroup = CE73D14D2839DF4C00B20D0D;
			productRefGroup = CE73D1572839DF4C00B20D0D /* Products */;
			projectDirPath = "";
			projectRoot = "";
			targets = (
				CE73D1552839DF4C00B20D0D /* Positive */,
			);
		};
/* End PBXProject section */

/* Begin PBXResourcesBuildPhase section */
		CE73D1542839DF4C00B20D0D /* Resources */ = {
			isa = PBXResourcesBuildPhase;
			buildActionMask = 2147483647;
			files = (
				CEB4757728713986002654E6 /* ImportanceTableViewCell.xib in Resources */,
				CEAE56BD289746DB002DBEA2 /* InnerCollectionViewCell.xib in Resources */,
				CE73D1662839DF4E00B20D0D /* LaunchScreen.storyboard in Resources */,
				CEAE56B128962D00002DBEA2 /* MyTargetTableViewCell.xib in Resources */,
				CE73D1632839DF4E00B20D0D /* Assets.xcassets in Resources */,
				CEB47567286B499C002654E6 /* CalendarTargetCollectionViewCell.xib in Resources */,
				CEB4757328713863002654E6 /* MakeTargetTableViewCell.xib in Resources */,
				CEB4757F28713B11002654E6 /* DateTargetTableViewCell.xib in Resources */,
				CEAE56C5289766FB002DBEA2 /* FriendsInnerCollectionViewCell.xib in Resources */,
				CEAE56B92896BF88002DBEA2 /* FriendsTargetTableViewCell.xib in Resources */,
				CEAE56B52896BC91002DBEA2 /* HomeTableViewCell.xib in Resources */,
				CE0595FB288E82950066E327 /* ShareCollectionViewCell.xib in Resources */,
				CEEE82BA284B911600732497 /* GoogleService-Info.plist in Resources */,
				CEB47563285F6981002654E6 /* QuestionTableViewCell.xib in Resources */,
				CE73D1612839DF4C00B20D0D /* Main.storyboard in Resources */,
			);
			runOnlyForDeploymentPostprocessing = 0;
		};
/* End PBXResourcesBuildPhase section */

/* Begin PBXShellScriptBuildPhase section */
		9599EE606A368643550B2A81 /* [CP] Embed Pods Frameworks */ = {
			isa = PBXShellScriptBuildPhase;
			buildActionMask = 2147483647;
			files = (
			);
			inputFileListPaths = (
				"${PODS_ROOT}/Target Support Files/Pods-Positive/Pods-Positive-frameworks-${CONFIGURATION}-input-files.xcfilelist",
			);
			name = "[CP] Embed Pods Frameworks";
			outputFileListPaths = (
				"${PODS_ROOT}/Target Support Files/Pods-Positive/Pods-Positive-frameworks-${CONFIGURATION}-output-files.xcfilelist",
			);
			runOnlyForDeploymentPostprocessing = 0;
			shellPath = /bin/sh;
			shellScript = "\"${PODS_ROOT}/Target Support Files/Pods-Positive/Pods-Positive-frameworks.sh\"\n";
			showEnvVarsInLog = 0;
		};
		9A943E0287A23FD824F192BE /* [CP] Check Pods Manifest.lock */ = {
			isa = PBXShellScriptBuildPhase;
			buildActionMask = 2147483647;
			files = (
			);
			inputFileListPaths = (
			);
			inputPaths = (
				"${PODS_PODFILE_DIR_PATH}/Podfile.lock",
				"${PODS_ROOT}/Manifest.lock",
			);
			name = "[CP] Check Pods Manifest.lock";
			outputFileListPaths = (
			);
			outputPaths = (
				"$(DERIVED_FILE_DIR)/Pods-Positive-checkManifestLockResult.txt",
			);
			runOnlyForDeploymentPostprocessing = 0;
			shellPath = /bin/sh;
			shellScript = "diff \"${PODS_PODFILE_DIR_PATH}/Podfile.lock\" \"${PODS_ROOT}/Manifest.lock\" > /dev/null\nif [ $? != 0 ] ; then\n    # print error to STDERR\n    echo \"error: The sandbox is not in sync with the Podfile.lock. Run 'pod install' or update your CocoaPods installation.\" >&2\n    exit 1\nfi\n# This output is used by Xcode 'outputs' to avoid re-running this script phase.\necho \"SUCCESS\" > \"${SCRIPT_OUTPUT_FILE_0}\"\n";
			showEnvVarsInLog = 0;
		};
/* End PBXShellScriptBuildPhase section */

/* Begin PBXSourcesBuildPhase section */
		CE73D1522839DF4C00B20D0D /* Sources */ = {
			isa = PBXSourcesBuildPhase;
			buildActionMask = 2147483647;
			files = (
				CEACDF50289571AF0005F4A6 /* ReviewViewController.swift in Sources */,
				CEAE56B028962D00002DBEA2 /* MyTargetTableViewCell.swift in Sources */,
				CEB4757628713986002654E6 /* ImportanceTableViewCell.swift in Sources */,
				CEB4757228713863002654E6 /* MakeTargetTableViewCell.swift in Sources */,
				CEEE82B8284B6A4400732497 /* TabBarViewController.swift in Sources */,
				CEB47562285F6981002654E6 /* QuestionTableViewCell.swift in Sources */,
				CEAE56BF28974864002DBEA2 /* InnerCollectionViewCell.swift in Sources */,
				CEAE56B42896BC91002DBEA2 /* HomeTableViewCell.swift in Sources */,
				CE73D1702839F8AE00B20D0D /* CalendarViewController.swift in Sources */,
				CEB4756B28713450002654E6 /* MakeTargetViewController.swift in Sources */,
				CEB47566286B499C002654E6 /* CalendarTargetCollectionViewCell.swift in Sources */,
				CE0595FA288E82950066E327 /* ShareCollectionViewCell.swift in Sources */,
				CEB4755B285F65CD002654E6 /* QuestionViewController.swift in Sources */,
				CEAE56C4289766FB002DBEA2 /* FriendsInnerCollectionViewCell.swift in Sources */,
				CE73D15E2839DF4C00B20D0D /* ViewController.swift in Sources */,
				CEEE82B42847A99A00732497 /* SignUpViewController.swift in Sources */,
				CEF21595288ED36900E71E5C /* ShareViewController.swift in Sources */,
				CE73D15A2839DF4C00B20D0D /* AppDelegate.swift in Sources */,
				CEC6855C28B0B3C6007C0967 /* Alert.swift in Sources */,
				CE73D15C2839DF4C00B20D0D /* SceneDelegate.swift in Sources */,
				CEB475492859220A002654E6 /* LogInViewController.swift in Sources */,
				CE80C15728716EF9000646B2 /* Goal.swift in Sources */,
				CEC6855E28B12617007C0967 /* ReframingViewController.swift in Sources */,
				CE7A58C2289E1D5000AD3946 /* DataModel.swift in Sources */,
				CEAE56B82896BF88002DBEA2 /* FriendsTargetTableViewCell.swift in Sources */,
				CEC6855A28AFDA11007C0967 /* Review.swift in Sources */,
				CE73D16E2839F62600B20D0D /* HomeViewController.swift in Sources */,
				CEB4757E28713B11002654E6 /* DateTargetTableViewCell.swift in Sources */,
				CEB4754B2859F894002654E6 /* AccountViewController.swift in Sources */,
				CE3E7834288C40A000548FFD /* TabBar.swift in Sources */,
				CE7A58BB289AC3B200AD3946 /* APIClient.swift in Sources */,
			);
			runOnlyForDeploymentPostprocessing = 0;
		};
/* End PBXSourcesBuildPhase section */

/* Begin PBXVariantGroup section */
		CE73D15F2839DF4C00B20D0D /* Main.storyboard */ = {
			isa = PBXVariantGroup;
			children = (
				CE73D1602839DF4C00B20D0D /* Base */,
			);
			name = Main.storyboard;
			sourceTree = "<group>";
		};
		CE73D1642839DF4E00B20D0D /* LaunchScreen.storyboard */ = {
			isa = PBXVariantGroup;
			children = (
				CE73D1652839DF4E00B20D0D /* Base */,
			);
			name = LaunchScreen.storyboard;
			sourceTree = "<group>";
		};
/* End PBXVariantGroup section */

/* Begin XCBuildConfiguration section */
		CE73D1682839DF4E00B20D0D /* Debug */ = {
			isa = XCBuildConfiguration;
			buildSettings = {
				ALWAYS_SEARCH_USER_PATHS = NO;
				CLANG_ANALYZER_NONNULL = YES;
				CLANG_ANALYZER_NUMBER_OBJECT_CONVERSION = YES_AGGRESSIVE;
				CLANG_CXX_LANGUAGE_STANDARD = "gnu++17";
				CLANG_CXX_LIBRARY = "libc++";
				CLANG_ENABLE_MODULES = YES;
				CLANG_ENABLE_OBJC_ARC = YES;
				CLANG_ENABLE_OBJC_WEAK = YES;
				CLANG_WARN_BLOCK_CAPTURE_AUTORELEASING = YES;
				CLANG_WARN_BOOL_CONVERSION = YES;
				CLANG_WARN_COMMA = YES;
				CLANG_WARN_CONSTANT_CONVERSION = YES;
				CLANG_WARN_DEPRECATED_OBJC_IMPLEMENTATIONS = YES;
				CLANG_WARN_DIRECT_OBJC_ISA_USAGE = YES_ERROR;
				CLANG_WARN_DOCUMENTATION_COMMENTS = YES;
				CLANG_WARN_EMPTY_BODY = YES;
				CLANG_WARN_ENUM_CONVERSION = YES;
				CLANG_WARN_INFINITE_RECURSION = YES;
				CLANG_WARN_INT_CONVERSION = YES;
				CLANG_WARN_NON_LITERAL_NULL_CONVERSION = YES;
				CLANG_WARN_OBJC_IMPLICIT_RETAIN_SELF = YES;
				CLANG_WARN_OBJC_LITERAL_CONVERSION = YES;
				CLANG_WARN_OBJC_ROOT_CLASS = YES_ERROR;
				CLANG_WARN_QUOTED_INCLUDE_IN_FRAMEWORK_HEADER = YES;
				CLANG_WARN_RANGE_LOOP_ANALYSIS = YES;
				CLANG_WARN_STRICT_PROTOTYPES = YES;
				CLANG_WARN_SUSPICIOUS_MOVE = YES;
				CLANG_WARN_UNGUARDED_AVAILABILITY = YES_AGGRESSIVE;
				CLANG_WARN_UNREACHABLE_CODE = YES;
				CLANG_WARN__DUPLICATE_METHOD_MATCH = YES;
				COPY_PHASE_STRIP = NO;
				DEBUG_INFORMATION_FORMAT = dwarf;
				ENABLE_STRICT_OBJC_MSGSEND = YES;
				ENABLE_TESTABILITY = YES;
				GCC_C_LANGUAGE_STANDARD = gnu11;
				GCC_DYNAMIC_NO_PIC = NO;
				GCC_NO_COMMON_BLOCKS = YES;
				GCC_OPTIMIZATION_LEVEL = 0;
				GCC_PREPROCESSOR_DEFINITIONS = (
					"DEBUG=1",
					"$(inherited)",
				);
				GCC_WARN_64_TO_32_BIT_CONVERSION = YES;
				GCC_WARN_ABOUT_RETURN_TYPE = YES_ERROR;
				GCC_WARN_UNDECLARED_SELECTOR = YES;
				GCC_WARN_UNINITIALIZED_AUTOS = YES_AGGRESSIVE;
				GCC_WARN_UNUSED_FUNCTION = YES;
				GCC_WARN_UNUSED_VARIABLE = YES;
				IPHONEOS_DEPLOYMENT_TARGET = 15.2;
				MTL_ENABLE_DEBUG_INFO = INCLUDE_SOURCE;
				MTL_FAST_MATH = YES;
				ONLY_ACTIVE_ARCH = YES;
				SDKROOT = iphoneos;
				SWIFT_ACTIVE_COMPILATION_CONDITIONS = DEBUG;
				SWIFT_OPTIMIZATION_LEVEL = "-Onone";
			};
			name = Debug;
		};
		CE73D1692839DF4E00B20D0D /* Release */ = {
			isa = XCBuildConfiguration;
			buildSettings = {
				ALWAYS_SEARCH_USER_PATHS = NO;
				CLANG_ANALYZER_NONNULL = YES;
				CLANG_ANALYZER_NUMBER_OBJECT_CONVERSION = YES_AGGRESSIVE;
				CLANG_CXX_LANGUAGE_STANDARD = "gnu++17";
				CLANG_CXX_LIBRARY = "libc++";
				CLANG_ENABLE_MODULES = YES;
				CLANG_ENABLE_OBJC_ARC = YES;
				CLANG_ENABLE_OBJC_WEAK = YES;
				CLANG_WARN_BLOCK_CAPTURE_AUTORELEASING = YES;
				CLANG_WARN_BOOL_CONVERSION = YES;
				CLANG_WARN_COMMA = YES;
				CLANG_WARN_CONSTANT_CONVERSION = YES;
				CLANG_WARN_DEPRECATED_OBJC_IMPLEMENTATIONS = YES;
				CLANG_WARN_DIRECT_OBJC_ISA_USAGE = YES_ERROR;
				CLANG_WARN_DOCUMENTATION_COMMENTS = YES;
				CLANG_WARN_EMPTY_BODY = YES;
				CLANG_WARN_ENUM_CONVERSION = YES;
				CLANG_WARN_INFINITE_RECURSION = YES;
				CLANG_WARN_INT_CONVERSION = YES;
				CLANG_WARN_NON_LITERAL_NULL_CONVERSION = YES;
				CLANG_WARN_OBJC_IMPLICIT_RETAIN_SELF = YES;
				CLANG_WARN_OBJC_LITERAL_CONVERSION = YES;
				CLANG_WARN_OBJC_ROOT_CLASS = YES_ERROR;
				CLANG_WARN_QUOTED_INCLUDE_IN_FRAMEWORK_HEADER = YES;
				CLANG_WARN_RANGE_LOOP_ANALYSIS = YES;
				CLANG_WARN_STRICT_PROTOTYPES = YES;
				CLANG_WARN_SUSPICIOUS_MOVE = YES;
				CLANG_WARN_UNGUARDED_AVAILABILITY = YES_AGGRESSIVE;
				CLANG_WARN_UNREACHABLE_CODE = YES;
				CLANG_WARN__DUPLICATE_METHOD_MATCH = YES;
				COPY_PHASE_STRIP = NO;
				DEBUG_INFORMATION_FORMAT = "dwarf-with-dsym";
				ENABLE_NS_ASSERTIONS = NO;
				ENABLE_STRICT_OBJC_MSGSEND = YES;
				GCC_C_LANGUAGE_STANDARD = gnu11;
				GCC_NO_COMMON_BLOCKS = YES;
				GCC_WARN_64_TO_32_BIT_CONVERSION = YES;
				GCC_WARN_ABOUT_RETURN_TYPE = YES_ERROR;
				GCC_WARN_UNDECLARED_SELECTOR = YES;
				GCC_WARN_UNINITIALIZED_AUTOS = YES_AGGRESSIVE;
				GCC_WARN_UNUSED_FUNCTION = YES;
				GCC_WARN_UNUSED_VARIABLE = YES;
				IPHONEOS_DEPLOYMENT_TARGET = 15.2;
				MTL_ENABLE_DEBUG_INFO = NO;
				MTL_FAST_MATH = YES;
				SDKROOT = iphoneos;
				SWIFT_COMPILATION_MODE = wholemodule;
				SWIFT_OPTIMIZATION_LEVEL = "-O";
				VALIDATE_PRODUCT = YES;
			};
			name = Release;
		};
		CE73D16B2839DF4E00B20D0D /* Debug */ = {
			isa = XCBuildConfiguration;
			baseConfigurationReference = F29FE63471133EAD6DACB805 /* Pods-Positive.debug.xcconfig */;
			buildSettings = {
				ASSETCATALOG_COMPILER_APPICON_NAME = AppIcon;
				ASSETCATALOG_COMPILER_GLOBAL_ACCENT_COLOR_NAME = AccentColor;
				CODE_SIGN_STYLE = Automatic;
				CURRENT_PROJECT_VERSION = 1;
				EXCLUDED_ARCHS = "";
				"EXCLUDED_ARCHS[sdk=*]" = arm64;
				GENERATE_INFOPLIST_FILE = YES;
				INFOPLIST_FILE = Positive/Info.plist;
				INFOPLIST_KEY_UIApplicationSupportsIndirectInputEvents = YES;
				INFOPLIST_KEY_UILaunchStoryboardName = LaunchScreen;
				INFOPLIST_KEY_UIMainStoryboardFile = Main;
				INFOPLIST_KEY_UISupportedInterfaceOrientations_iPad = "UIInterfaceOrientationPortrait UIInterfaceOrientationPortraitUpsideDown UIInterfaceOrientationLandscapeLeft UIInterfaceOrientationLandscapeRight";
				INFOPLIST_KEY_UISupportedInterfaceOrientations_iPhone = "UIInterfaceOrientationPortrait UIInterfaceOrientationLandscapeLeft UIInterfaceOrientationLandscapeRight";
				LD_RUNPATH_SEARCH_PATHS = (
					"$(inherited)",
					"@executable_path/Frameworks",
				);
				MARKETING_VERSION = 1.0;
				PRODUCT_BUNDLE_IDENTIFIER = com.kiyono.Positive;
				PRODUCT_NAME = "$(TARGET_NAME)";
				SWIFT_EMIT_LOC_STRINGS = YES;
				SWIFT_VERSION = 5.0;
				TARGETED_DEVICE_FAMILY = "1,2";
			};
			name = Debug;
		};
		CE73D16C2839DF4E00B20D0D /* Release */ = {
			isa = XCBuildConfiguration;
			baseConfigurationReference = C07CA5A68ADB0DFDE8C95F9D /* Pods-Positive.release.xcconfig */;
			buildSettings = {
				ASSETCATALOG_COMPILER_APPICON_NAME = AppIcon;
				ASSETCATALOG_COMPILER_GLOBAL_ACCENT_COLOR_NAME = AccentColor;
				CODE_SIGN_STYLE = Automatic;
				CURRENT_PROJECT_VERSION = 1;
				EXCLUDED_ARCHS = "";
				GENERATE_INFOPLIST_FILE = YES;
				INFOPLIST_FILE = Positive/Info.plist;
				INFOPLIST_KEY_UIApplicationSupportsIndirectInputEvents = YES;
				INFOPLIST_KEY_UILaunchStoryboardName = LaunchScreen;
				INFOPLIST_KEY_UIMainStoryboardFile = Main;
				INFOPLIST_KEY_UISupportedInterfaceOrientations_iPad = "UIInterfaceOrientationPortrait UIInterfaceOrientationPortraitUpsideDown UIInterfaceOrientationLandscapeLeft UIInterfaceOrientationLandscapeRight";
				INFOPLIST_KEY_UISupportedInterfaceOrientations_iPhone = "UIInterfaceOrientationPortrait UIInterfaceOrientationLandscapeLeft UIInterfaceOrientationLandscapeRight";
				LD_RUNPATH_SEARCH_PATHS = (
					"$(inherited)",
					"@executable_path/Frameworks",
				);
				MARKETING_VERSION = 1.0;
				PRODUCT_BUNDLE_IDENTIFIER = com.kiyono.Positive;
				PRODUCT_NAME = "$(TARGET_NAME)";
				SWIFT_EMIT_LOC_STRINGS = YES;
				SWIFT_VERSION = 5.0;
				TARGETED_DEVICE_FAMILY = "1,2";
			};
			name = Release;
		};
/* End XCBuildConfiguration section */

/* Begin XCConfigurationList section */
		CE73D1512839DF4C00B20D0D /* Build configuration list for PBXProject "Positive" */ = {
			isa = XCConfigurationList;
			buildConfigurations = (
				CE73D1682839DF4E00B20D0D /* Debug */,
				CE73D1692839DF4E00B20D0D /* Release */,
			);
			defaultConfigurationIsVisible = 0;
			defaultConfigurationName = Release;
		};
		CE73D16A2839DF4E00B20D0D /* Build configuration list for PBXNativeTarget "Positive" */ = {
			isa = XCConfigurationList;
			buildConfigurations = (
				CE73D16B2839DF4E00B20D0D /* Debug */,
				CE73D16C2839DF4E00B20D0D /* Release */,
			);
			defaultConfigurationIsVisible = 0;
			defaultConfigurationName = Release;
		};
/* End XCConfigurationList section */
	};
	rootObject = CE73D14E2839DF4C00B20D0D /* Project object */;
}
